
Microsoft Visual Studio Solution File, Format Version 12.00
# Visual Studio 15
VisualStudioVersion = 15.0.26730.12
MinimumVisualStudioVersion = 10.0.40219.1
Project("{FAE04EC0-301F-11D3-BF4B-00C04F79EFBC}") = "AsyncAwait", "WpfApp1\AsyncAwait.csproj", "{B7EEF213-995A-4E93-B72C-117D7AF03D08}"
EndProject
Project("{FAE04EC0-301F-11D3-BF4B-00C04F79EFBC}") = "Delegate", "Delegate\Delegate.csproj", "{E4FB1C1D-93FB-47EB-AC7E-0C9FA606618B}"
EndProject
Project("{FAE04EC0-301F-11D3-BF4B-00C04F79EFBC}") = "FuncAAction", "Func\FuncAAction.csproj", "{1B089F98-2D04-4F9C-A6CE-BBDB066E7A4B}"
EndProject
Project("{FAE04EC0-301F-11D3-BF4B-00C04F79EFBC}") = "Delegate2", "Delegate2\Delegate2.csproj", "{5525AED8-87E9-4107-87F7-0C69141DB43B}"
EndProject
Project("{FAE04EC0-301F-11D3-BF4B-00C04F79EFBC}") = "AsyncAwait2", "AsyncAwait2\AsyncAwait2.csproj", "{76AD3A42-B7AE-44DD-8525-BA6F3A787B5E}"
EndProject
Project("{FAE04EC0-301F-11D3-BF4B-00C04F79EFBC}") = "PopupTest", "PopupTest\PopupTest.csproj", "{DF750758-A1BF-469C-9C32-3DFE0FD18BCA}"
EndProject
Project("{FAE04EC0-301F-11D3-BF4B-00C04F79EFBC}") = "ProgressCircle", "ProgressCircle\ProgressCircle.csproj", "{CB7B0A70-F18E-457B-B121-EDD48A174F12}"
EndProject
Project("{FAE04EC0-301F-11D3-BF4B-00C04F79EFBC}") = "Eventy", "Eventy\Eventy.csproj", "{DA89ADEE-2710-424E-AFCA-E1EAB368CBE1}"
EndProject
Project("{FAE04EC0-301F-11D3-BF4B-00C04F79EFBC}") = "EventyPresRozhrani", "EventyPresRozhrani\EventyPresRozhrani.csproj", "{2A51ABED-8212-4ACB-B6B7-27B76C00B48E}"
EndProject
Project("{FAE04EC0-301F-11D3-BF4B-00C04F79EFBC}") = "ResizePopup", "ResizePopup\ResizePopup.csproj", "{CD07F51D-E4DA-4544-8E7C-6EC066DAFFE3}"
EndProject
Project("{FAE04EC0-301F-11D3-BF4B-00C04F79EFBC}") = "ComboTest", "ComboTest\ComboTest.csproj", "{C7111C94-9971-476D-A8EE-14A32548C921}"
EndProject
Project("{FAE04EC0-301F-11D3-BF4B-00C04F79EFBC}") = "TelerikGridViewExport", "TelerikGridViewExport\TelerikGridViewExport.csproj", "{3DD0B248-CEAF-4220-A260-3FB311BA02D0}"
EndProject
Project("{FAE04EC0-301F-11D3-BF4B-00C04F79EFBC}") = "AnimatedGif", "AnimatedGif\AnimatedGif.csproj", "{4069F9DA-2135-43ED-B3F2-EC2E408629A2}"
EndProject
Project("{FAE04EC0-301F-11D3-BF4B-00C04F79EFBC}") = "INotifyPropertyChanged", "INotifyPropertyChanged\INotifyPropertyChanged.csproj", "{FC8CECE9-3253-4CFD-858F-2F61830E518B}"
EndProject
Project("{FAE04EC0-301F-11D3-BF4B-00C04F79EFBC}") = "DictionaryReverse", "DictionaryReverse\DictionaryReverse.csproj", "{4C20D8D0-8B05-4BF2-9075-7079A71E3585}"
EndProject
Project("{2150E333-8FDC-42A3-9474-1A3956D46DE8}") = "Thready", "Thready", "{FC3CF8BF-3BC9-48DB-BECB-75D119A28C44}"
EndProject
Project("{FAE04EC0-301F-11D3-BF4B-00C04F79EFBC}") = "WaitHandle_WaitAll_WaitAny", "WaitHandle_WaitAll_WaitAny\WaitHandle_WaitAll_WaitAny.csproj", "{5E247159-FD6C-4C19-96C5-0E1D4CA18458}"
EndProject
Project("{FAE04EC0-301F-11D3-BF4B-00C04F79EFBC}") = "Lock - Monitor", "Lock - Monitor\Lock - Monitor.csproj", "{0A4A6E93-BC6F-474E-87C8-69B2D70048F9}"
EndProject
Project("{FAE04EC0-301F-11D3-BF4B-00C04F79EFBC}") = "HandShaking", "HandShaking\HandShaking.csproj", "{A5FF2279-F956-4C9D-8BE7-17E9D376035A}"
EndProject
Project("{FAE04EC0-301F-11D3-BF4B-00C04F79EFBC}") = "SerazeniVlakenWaitPulse", "SerazeniVlakenWaitPulse\SerazeniVlakenWaitPulse.csproj", "{6F028DE3-FB75-4411-A980-F77AFC8BD18B}"
EndProject
Project("{FAE04EC0-301F-11D3-BF4B-00C04F79EFBC}") = "IAsyncResult", "IAsyncResult\IAsyncResult.csproj", "{EB5B3C4D-4ED8-4C70-90B8-105817170145}"
EndProject
Project("{FAE04EC0-301F-11D3-BF4B-00C04F79EFBC}") = "CounterWithDependencyProperty", "CounterWithDependencyProperty\CounterWithDependencyProperty.csproj", "{AFAB3A33-291D-4821-877E-647A17368841}"
EndProject
Project("{FAE04EC0-301F-11D3-BF4B-00C04F79EFBC}") = "SystemThreadingTimer", "SystemThreadingTimer\SystemThreadingTimer.csproj", "{236A5B57-9141-441E-8819-2B19D6B1BEAF}"
EndProject
Project("{FAE04EC0-301F-11D3-BF4B-00C04F79EFBC}") = "NullableValues", "NullableValues\NullableValues.csproj", "{F608ACBE-F990-4E79-AC8E-5D81F31188D7}"
EndProject
Project("{FAE04EC0-301F-11D3-BF4B-00C04F79EFBC}") = "Exceptions", "Exceptions\Exceptions.csproj", "{9649A0C3-0B16-4E53-A65E-3813874FE81F}"
EndProject
Project("{FAE04EC0-301F-11D3-BF4B-00C04F79EFBC}") = "CanctellationTokenNaManualResetEventu", "CanctellationTokenNaManualResetEventu\CanctellationTokenNaManualResetEventu.csproj", "{8AD446FC-E21F-4AE8-BDC7-FC0CC670EB29}"
EndProject
Project("{FAE04EC0-301F-11D3-BF4B-00C04F79EFBC}") = "Slider", "Slider\Slider.csproj", "{38360F62-7EFA-40E8-90CA-761424EC393E}"
EndProject
Project("{2150E333-8FDC-42A3-9474-1A3956D46DE8}") = "WPF", "WPF", "{9D5DFFC4-0219-4DF4-9011-1B656791DC59}"
EndProject
Project("{FAE04EC0-301F-11D3-BF4B-00C04F79EFBC}") = "DoubleTextBox", "DoubleTextBox\DoubleTextBox.csproj", "{6170F44F-D0B0-4103-BF39-7AB2B5E780FF}"
EndProject
Project("{2150E333-8FDC-42A3-9474-1A3956D46DE8}") = "Telerik", "Telerik", "{A945145E-EFB2-4257-8ED9-B0A66806C910}"
EndProject
Project("{FAE04EC0-301F-11D3-BF4B-00C04F79EFBC}") = "ExtendedRadGridViewPlusBehaviors", "ExtendedRadGridViewPlusBehaviors\ExtendedRadGridViewPlusBehaviors.csproj", "{1D881ECA-9039-4E11-809F-4D1ADBDE64FD}"
EndProject
Global
	GlobalSection(SolutionConfigurationPlatforms) = preSolution
		Debug|Any CPU = Debug|Any CPU
		Release|Any CPU = Release|Any CPU
	EndGlobalSection
	GlobalSection(ProjectConfigurationPlatforms) = postSolution
		{B7EEF213-995A-4E93-B72C-117D7AF03D08}.Debug|Any CPU.ActiveCfg = Debug|Any CPU
		{B7EEF213-995A-4E93-B72C-117D7AF03D08}.Debug|Any CPU.Build.0 = Debug|Any CPU
		{B7EEF213-995A-4E93-B72C-117D7AF03D08}.Release|Any CPU.ActiveCfg = Release|Any CPU
		{B7EEF213-995A-4E93-B72C-117D7AF03D08}.Release|Any CPU.Build.0 = Release|Any CPU
		{E4FB1C1D-93FB-47EB-AC7E-0C9FA606618B}.Debug|Any CPU.ActiveCfg = Debug|Any CPU
		{E4FB1C1D-93FB-47EB-AC7E-0C9FA606618B}.Debug|Any CPU.Build.0 = Debug|Any CPU
		{E4FB1C1D-93FB-47EB-AC7E-0C9FA606618B}.Release|Any CPU.ActiveCfg = Release|Any CPU
		{E4FB1C1D-93FB-47EB-AC7E-0C9FA606618B}.Release|Any CPU.Build.0 = Release|Any CPU
		{1B089F98-2D04-4F9C-A6CE-BBDB066E7A4B}.Debug|Any CPU.ActiveCfg = Debug|Any CPU
		{1B089F98-2D04-4F9C-A6CE-BBDB066E7A4B}.Debug|Any CPU.Build.0 = Debug|Any CPU
		{1B089F98-2D04-4F9C-A6CE-BBDB066E7A4B}.Release|Any CPU.ActiveCfg = Release|Any CPU
		{1B089F98-2D04-4F9C-A6CE-BBDB066E7A4B}.Release|Any CPU.Build.0 = Release|Any CPU
		{5525AED8-87E9-4107-87F7-0C69141DB43B}.Debug|Any CPU.ActiveCfg = Debug|Any CPU
		{5525AED8-87E9-4107-87F7-0C69141DB43B}.Debug|Any CPU.Build.0 = Debug|Any CPU
		{5525AED8-87E9-4107-87F7-0C69141DB43B}.Release|Any CPU.ActiveCfg = Release|Any CPU
		{5525AED8-87E9-4107-87F7-0C69141DB43B}.Release|Any CPU.Build.0 = Release|Any CPU
		{76AD3A42-B7AE-44DD-8525-BA6F3A787B5E}.Debug|Any CPU.ActiveCfg = Debug|Any CPU
		{76AD3A42-B7AE-44DD-8525-BA6F3A787B5E}.Debug|Any CPU.Build.0 = Debug|Any CPU
		{76AD3A42-B7AE-44DD-8525-BA6F3A787B5E}.Release|Any CPU.ActiveCfg = Release|Any CPU
		{76AD3A42-B7AE-44DD-8525-BA6F3A787B5E}.Release|Any CPU.Build.0 = Release|Any CPU
		{DF750758-A1BF-469C-9C32-3DFE0FD18BCA}.Debug|Any CPU.ActiveCfg = Debug|Any CPU
		{DF750758-A1BF-469C-9C32-3DFE0FD18BCA}.Debug|Any CPU.Build.0 = Debug|Any CPU
		{DF750758-A1BF-469C-9C32-3DFE0FD18BCA}.Release|Any CPU.ActiveCfg = Release|Any CPU
		{DF750758-A1BF-469C-9C32-3DFE0FD18BCA}.Release|Any CPU.Build.0 = Release|Any CPU
		{CB7B0A70-F18E-457B-B121-EDD48A174F12}.Debug|Any CPU.ActiveCfg = Debug|Any CPU
		{CB7B0A70-F18E-457B-B121-EDD48A174F12}.Debug|Any CPU.Build.0 = Debug|Any CPU
		{CB7B0A70-F18E-457B-B121-EDD48A174F12}.Release|Any CPU.ActiveCfg = Release|Any CPU
		{CB7B0A70-F18E-457B-B121-EDD48A174F12}.Release|Any CPU.Build.0 = Release|Any CPU
		{DA89ADEE-2710-424E-AFCA-E1EAB368CBE1}.Debug|Any CPU.ActiveCfg = Debug|Any CPU
		{DA89ADEE-2710-424E-AFCA-E1EAB368CBE1}.Debug|Any CPU.Build.0 = Debug|Any CPU
		{DA89ADEE-2710-424E-AFCA-E1EAB368CBE1}.Release|Any CPU.ActiveCfg = Release|Any CPU
		{DA89ADEE-2710-424E-AFCA-E1EAB368CBE1}.Release|Any CPU.Build.0 = Release|Any CPU
		{2A51ABED-8212-4ACB-B6B7-27B76C00B48E}.Debug|Any CPU.ActiveCfg = Debug|Any CPU
		{2A51ABED-8212-4ACB-B6B7-27B76C00B48E}.Debug|Any CPU.Build.0 = Debug|Any CPU
		{2A51ABED-8212-4ACB-B6B7-27B76C00B48E}.Release|Any CPU.ActiveCfg = Release|Any CPU
		{2A51ABED-8212-4ACB-B6B7-27B76C00B48E}.Release|Any CPU.Build.0 = Release|Any CPU
		{CD07F51D-E4DA-4544-8E7C-6EC066DAFFE3}.Debug|Any CPU.ActiveCfg = Debug|Any CPU
		{CD07F51D-E4DA-4544-8E7C-6EC066DAFFE3}.Debug|Any CPU.Build.0 = Debug|Any CPU
		{CD07F51D-E4DA-4544-8E7C-6EC066DAFFE3}.Release|Any CPU.ActiveCfg = Release|Any CPU
		{CD07F51D-E4DA-4544-8E7C-6EC066DAFFE3}.Release|Any CPU.Build.0 = Release|Any CPU
		{C7111C94-9971-476D-A8EE-14A32548C921}.Debug|Any CPU.ActiveCfg = Debug|Any CPU
		{C7111C94-9971-476D-A8EE-14A32548C921}.Debug|Any CPU.Build.0 = Debug|Any CPU
		{C7111C94-9971-476D-A8EE-14A32548C921}.Release|Any CPU.ActiveCfg = Release|Any CPU
		{C7111C94-9971-476D-A8EE-14A32548C921}.Release|Any CPU.Build.0 = Release|Any CPU
		{3DD0B248-CEAF-4220-A260-3FB311BA02D0}.Debug|Any CPU.ActiveCfg = Debug|Any CPU
		{3DD0B248-CEAF-4220-A260-3FB311BA02D0}.Debug|Any CPU.Build.0 = Debug|Any CPU
		{3DD0B248-CEAF-4220-A260-3FB311BA02D0}.Release|Any CPU.ActiveCfg = Release|Any CPU
		{3DD0B248-CEAF-4220-A260-3FB311BA02D0}.Release|Any CPU.Build.0 = Release|Any CPU
		{4069F9DA-2135-43ED-B3F2-EC2E408629A2}.Debug|Any CPU.ActiveCfg = Debug|Any CPU
		{4069F9DA-2135-43ED-B3F2-EC2E408629A2}.Debug|Any CPU.Build.0 = Debug|Any CPU
		{4069F9DA-2135-43ED-B3F2-EC2E408629A2}.Release|Any CPU.ActiveCfg = Release|Any CPU
		{4069F9DA-2135-43ED-B3F2-EC2E408629A2}.Release|Any CPU.Build.0 = Release|Any CPU
		{FC8CECE9-3253-4CFD-858F-2F61830E518B}.Debug|Any CPU.ActiveCfg = Debug|Any CPU
		{FC8CECE9-3253-4CFD-858F-2F61830E518B}.Debug|Any CPU.Build.0 = Debug|Any CPU
		{FC8CECE9-3253-4CFD-858F-2F61830E518B}.Release|Any CPU.ActiveCfg = Release|Any CPU
		{FC8CECE9-3253-4CFD-858F-2F61830E518B}.Release|Any CPU.Build.0 = Release|Any CPU
		{4C20D8D0-8B05-4BF2-9075-7079A71E3585}.Debug|Any CPU.ActiveCfg = Debug|Any CPU
		{4C20D8D0-8B05-4BF2-9075-7079A71E3585}.Debug|Any CPU.Build.0 = Debug|Any CPU
		{4C20D8D0-8B05-4BF2-9075-7079A71E3585}.Release|Any CPU.ActiveCfg = Release|Any CPU
		{4C20D8D0-8B05-4BF2-9075-7079A71E3585}.Release|Any CPU.Build.0 = Release|Any CPU
		{5E247159-FD6C-4C19-96C5-0E1D4CA18458}.Debug|Any CPU.ActiveCfg = Debug|Any CPU
		{5E247159-FD6C-4C19-96C5-0E1D4CA18458}.Debug|Any CPU.Build.0 = Debug|Any CPU
		{5E247159-FD6C-4C19-96C5-0E1D4CA18458}.Release|Any CPU.ActiveCfg = Release|Any CPU
		{5E247159-FD6C-4C19-96C5-0E1D4CA18458}.Release|Any CPU.Build.0 = Release|Any CPU
		{0A4A6E93-BC6F-474E-87C8-69B2D70048F9}.Debug|Any CPU.ActiveCfg = Debug|Any CPU
		{0A4A6E93-BC6F-474E-87C8-69B2D70048F9}.Debug|Any CPU.Build.0 = Debug|Any CPU
		{0A4A6E93-BC6F-474E-87C8-69B2D70048F9}.Release|Any CPU.ActiveCfg = Release|Any CPU
		{0A4A6E93-BC6F-474E-87C8-69B2D70048F9}.Release|Any CPU.Build.0 = Release|Any CPU
		{A5FF2279-F956-4C9D-8BE7-17E9D376035A}.Debug|Any CPU.ActiveCfg = Debug|Any CPU
		{A5FF2279-F956-4C9D-8BE7-17E9D376035A}.Debug|Any CPU.Build.0 = Debug|Any CPU
		{A5FF2279-F956-4C9D-8BE7-17E9D376035A}.Release|Any CPU.ActiveCfg = Release|Any CPU
		{A5FF2279-F956-4C9D-8BE7-17E9D376035A}.Release|Any CPU.Build.0 = Release|Any CPU
		{6F028DE3-FB75-4411-A980-F77AFC8BD18B}.Debug|Any CPU.ActiveCfg = Debug|Any CPU
		{6F028DE3-FB75-4411-A980-F77AFC8BD18B}.Debug|Any CPU.Build.0 = Debug|Any CPU
		{6F028DE3-FB75-4411-A980-F77AFC8BD18B}.Release|Any CPU.ActiveCfg = Release|Any CPU
		{6F028DE3-FB75-4411-A980-F77AFC8BD18B}.Release|Any CPU.Build.0 = Release|Any CPU
		{EB5B3C4D-4ED8-4C70-90B8-105817170145}.Debug|Any CPU.ActiveCfg = Debug|Any CPU
		{EB5B3C4D-4ED8-4C70-90B8-105817170145}.Debug|Any CPU.Build.0 = Debug|Any CPU
		{EB5B3C4D-4ED8-4C70-90B8-105817170145}.Release|Any CPU.ActiveCfg = Release|Any CPU
		{EB5B3C4D-4ED8-4C70-90B8-105817170145}.Release|Any CPU.Build.0 = Release|Any CPU
		{AFAB3A33-291D-4821-877E-647A17368841}.Debug|Any CPU.ActiveCfg = Debug|Any CPU
		{AFAB3A33-291D-4821-877E-647A17368841}.Debug|Any CPU.Build.0 = Debug|Any CPU
		{AFAB3A33-291D-4821-877E-647A17368841}.Release|Any CPU.ActiveCfg = Release|Any CPU
		{AFAB3A33-291D-4821-877E-647A17368841}.Release|Any CPU.Build.0 = Release|Any CPU
		{236A5B57-9141-441E-8819-2B19D6B1BEAF}.Debug|Any CPU.ActiveCfg = Debug|Any CPU
		{236A5B57-9141-441E-8819-2B19D6B1BEAF}.Debug|Any CPU.Build.0 = Debug|Any CPU
		{236A5B57-9141-441E-8819-2B19D6B1BEAF}.Release|Any CPU.ActiveCfg = Release|Any CPU
		{236A5B57-9141-441E-8819-2B19D6B1BEAF}.Release|Any CPU.Build.0 = Release|Any CPU
		{F608ACBE-F990-4E79-AC8E-5D81F31188D7}.Debug|Any CPU.ActiveCfg = Debug|Any CPU
		{F608ACBE-F990-4E79-AC8E-5D81F31188D7}.Debug|Any CPU.Build.0 = Debug|Any CPU
		{F608ACBE-F990-4E79-AC8E-5D81F31188D7}.Release|Any CPU.ActiveCfg = Release|Any CPU
		{F608ACBE-F990-4E79-AC8E-5D81F31188D7}.Release|Any CPU.Build.0 = Release|Any CPU
		{9649A0C3-0B16-4E53-A65E-3813874FE81F}.Debug|Any CPU.ActiveCfg = Debug|Any CPU
		{9649A0C3-0B16-4E53-A65E-3813874FE81F}.Debug|Any CPU.Build.0 = Debug|Any CPU
		{9649A0C3-0B16-4E53-A65E-3813874FE81F}.Release|Any CPU.ActiveCfg = Release|Any CPU
		{9649A0C3-0B16-4E53-A65E-3813874FE81F}.Release|Any CPU.Build.0 = Release|Any CPU
		{8AD446FC-E21F-4AE8-BDC7-FC0CC670EB29}.Debug|Any CPU.ActiveCfg = Debug|Any CPU
		{8AD446FC-E21F-4AE8-BDC7-FC0CC670EB29}.Debug|Any CPU.Build.0 = Debug|Any CPU
		{8AD446FC-E21F-4AE8-BDC7-FC0CC670EB29}.Release|Any CPU.ActiveCfg = Release|Any CPU
		{8AD446FC-E21F-4AE8-BDC7-FC0CC670EB29}.Release|Any CPU.Build.0 = Release|Any CPU
		{38360F62-7EFA-40E8-90CA-761424EC393E}.Debug|Any CPU.ActiveCfg = Debug|Any CPU
		{38360F62-7EFA-40E8-90CA-761424EC393E}.Debug|Any CPU.Build.0 = Debug|Any CPU
		{38360F62-7EFA-40E8-90CA-761424EC393E}.Release|Any CPU.ActiveCfg = Release|Any CPU
		{38360F62-7EFA-40E8-90CA-761424EC393E}.Release|Any CPU.Build.0 = Release|Any CPU
		{6170F44F-D0B0-4103-BF39-7AB2B5E780FF}.Debug|Any CPU.ActiveCfg = Debug|Any CPU
		{6170F44F-D0B0-4103-BF39-7AB2B5E780FF}.Debug|Any CPU.Build.0 = Debug|Any CPU
		{6170F44F-D0B0-4103-BF39-7AB2B5E780FF}.Release|Any CPU.ActiveCfg = Release|Any CPU
		{6170F44F-D0B0-4103-BF39-7AB2B5E780FF}.Release|Any CPU.Build.0 = Release|Any CPU
		{1D881ECA-9039-4E11-809F-4D1ADBDE64FD}.Debug|Any CPU.ActiveCfg = Debug|Any CPU
		{1D881ECA-9039-4E11-809F-4D1ADBDE64FD}.Debug|Any CPU.Build.0 = Debug|Any CPU
		{1D881ECA-9039-4E11-809F-4D1ADBDE64FD}.Release|Any CPU.ActiveCfg = Release|Any CPU
		{1D881ECA-9039-4E11-809F-4D1ADBDE64FD}.Release|Any CPU.Build.0 = Release|Any CPU
	EndGlobalSection
	GlobalSection(SolutionProperties) = preSolution
		HideSolutionNode = FALSE
	EndGlobalSection
	GlobalSection(NestedProjects) = preSolution
		{B7EEF213-995A-4E93-B72C-117D7AF03D08} = {FC3CF8BF-3BC9-48DB-BECB-75D119A28C44}
		{76AD3A42-B7AE-44DD-8525-BA6F3A787B5E} = {FC3CF8BF-3BC9-48DB-BECB-75D119A28C44}
		{DF750758-A1BF-469C-9C32-3DFE0FD18BCA} = {9D5DFFC4-0219-4DF4-9011-1B656791DC59}
		{CB7B0A70-F18E-457B-B121-EDD48A174F12} = {9D5DFFC4-0219-4DF4-9011-1B656791DC59}
		{CD07F51D-E4DA-4544-8E7C-6EC066DAFFE3} = {9D5DFFC4-0219-4DF4-9011-1B656791DC59}
		{C7111C94-9971-476D-A8EE-14A32548C921} = {9D5DFFC4-0219-4DF4-9011-1B656791DC59}
		{4069F9DA-2135-43ED-B3F2-EC2E408629A2} = {9D5DFFC4-0219-4DF4-9011-1B656791DC59}
		{5E247159-FD6C-4C19-96C5-0E1D4CA18458} = {FC3CF8BF-3BC9-48DB-BECB-75D119A28C44}
		{0A4A6E93-BC6F-474E-87C8-69B2D70048F9} = {FC3CF8BF-3BC9-48DB-BECB-75D119A28C44}
		{A5FF2279-F956-4C9D-8BE7-17E9D376035A} = {FC3CF8BF-3BC9-48DB-BECB-75D119A28C44}
		{6F028DE3-FB75-4411-A980-F77AFC8BD18B} = {FC3CF8BF-3BC9-48DB-BECB-75D119A28C44}
		{EB5B3C4D-4ED8-4C70-90B8-105817170145} = {FC3CF8BF-3BC9-48DB-BECB-75D119A28C44}
		{236A5B57-9141-441E-8819-2B19D6B1BEAF} = {FC3CF8BF-3BC9-48DB-BECB-75D119A28C44}
		{8AD446FC-E21F-4AE8-BDC7-FC0CC670EB29} = {FC3CF8BF-3BC9-48DB-BECB-75D119A28C44}
		{38360F62-7EFA-40E8-90CA-761424EC393E} = {9D5DFFC4-0219-4DF4-9011-1B656791DC59}
		{6170F44F-D0B0-4103-BF39-7AB2B5E780FF} = {9D5DFFC4-0219-4DF4-9011-1B656791DC59}
		{1D881ECA-9039-4E11-809F-4D1ADBDE64FD} = {A945145E-EFB2-4257-8ED9-B0A66806C910}
	EndGlobalSection
	GlobalSection(ExtensibilityGlobals) = postSolution
		SolutionGuid = {7F928BCC-1965-4DFB-92DE-E8D14D612E5C}
	EndGlobalSection
EndGlobal
