
Microsoft Visual Studio Solution File, Format Version 12.00
# Visual Studio Version 17
VisualStudioVersion = 17.0.32112.339
MinimumVisualStudioVersion = 10.0.40219.1
Project("{FAE04EC0-301F-11D3-BF4B-00C04F79EFBC}") = "AsyncAwait", "WpfApp1\AsyncAwait.csproj", "{B7EEF213-995A-4E93-B72C-117D7AF03D08}"
EndProject
Project("{FAE04EC0-301F-11D3-BF4B-00C04F79EFBC}") = "Delegate", "Delegate\Delegate.csproj", "{E4FB1C1D-93FB-47EB-AC7E-0C9FA606618B}"
EndProject
Project("{FAE04EC0-301F-11D3-BF4B-00C04F79EFBC}") = "FuncAAction", "Func\FuncAAction.csproj", "{1B089F98-2D04-4F9C-A6CE-BBDB066E7A4B}"
EndProject
Project("{FAE04EC0-301F-11D3-BF4B-00C04F79EFBC}") = "Delegate2", "Delegate2\Delegate2.csproj", "{5525AED8-87E9-4107-87F7-0C69141DB43B}"
EndProject
Project("{FAE04EC0-301F-11D3-BF4B-00C04F79EFBC}") = "AsyncAwait2", "AsyncAwait2\AsyncAwait2.csproj", "{76AD3A42-B7AE-44DD-8525-BA6F3A787B5E}"
EndProject
Project("{FAE04EC0-301F-11D3-BF4B-00C04F79EFBC}") = "PopupTest", "PopupTest\PopupTest.csproj", "{DF750758-A1BF-469C-9C32-3DFE0FD18BCA}"
EndProject
Project("{FAE04EC0-301F-11D3-BF4B-00C04F79EFBC}") = "ProgressCircle", "ProgressCircle\ProgressCircle.csproj", "{CB7B0A70-F18E-457B-B121-EDD48A174F12}"
EndProject
Project("{FAE04EC0-301F-11D3-BF4B-00C04F79EFBC}") = "Eventy", "Eventy\Eventy.csproj", "{DA89ADEE-2710-424E-AFCA-E1EAB368CBE1}"
EndProject
Project("{FAE04EC0-301F-11D3-BF4B-00C04F79EFBC}") = "EventyPresRozhrani", "EventyPresRozhrani\EventyPresRozhrani.csproj", "{2A51ABED-8212-4ACB-B6B7-27B76C00B48E}"
EndProject
Project("{FAE04EC0-301F-11D3-BF4B-00C04F79EFBC}") = "ResizePopup", "ResizePopup\ResizePopup.csproj", "{CD07F51D-E4DA-4544-8E7C-6EC066DAFFE3}"
EndProject
Project("{FAE04EC0-301F-11D3-BF4B-00C04F79EFBC}") = "ComboTest", "ComboTest\ComboTest.csproj", "{C7111C94-9971-476D-A8EE-14A32548C921}"
EndProject
Project("{FAE04EC0-301F-11D3-BF4B-00C04F79EFBC}") = "TelerikGridViewExport", "TelerikGridViewExport\TelerikGridViewExport.csproj", "{3DD0B248-CEAF-4220-A260-3FB311BA02D0}"
EndProject
Project("{FAE04EC0-301F-11D3-BF4B-00C04F79EFBC}") = "AnimatedGif", "AnimatedGif\AnimatedGif.csproj", "{4069F9DA-2135-43ED-B3F2-EC2E408629A2}"
EndProject
Project("{FAE04EC0-301F-11D3-BF4B-00C04F79EFBC}") = "INotifyPropertyChanged", "INotifyPropertyChanged\INotifyPropertyChanged.csproj", "{FC8CECE9-3253-4CFD-858F-2F61830E518B}"
EndProject
Project("{FAE04EC0-301F-11D3-BF4B-00C04F79EFBC}") = "DictionaryReverse", "DictionaryReverse\DictionaryReverse.csproj", "{4C20D8D0-8B05-4BF2-9075-7079A71E3585}"
EndProject
Project("{2150E333-8FDC-42A3-9474-1A3956D46DE8}") = "Thready", "Thready", "{FC3CF8BF-3BC9-48DB-BECB-75D119A28C44}"
EndProject
Project("{FAE04EC0-301F-11D3-BF4B-00C04F79EFBC}") = "WaitHandle_WaitAll_WaitAny", "WaitHandle_WaitAll_WaitAny\WaitHandle_WaitAll_WaitAny.csproj", "{5E247159-FD6C-4C19-96C5-0E1D4CA18458}"
EndProject
Project("{FAE04EC0-301F-11D3-BF4B-00C04F79EFBC}") = "Lock - Monitor", "Lock - Monitor\Lock - Monitor.csproj", "{0A4A6E93-BC6F-474E-87C8-69B2D70048F9}"
EndProject
Project("{FAE04EC0-301F-11D3-BF4B-00C04F79EFBC}") = "HandShaking", "HandShaking\HandShaking.csproj", "{A5FF2279-F956-4C9D-8BE7-17E9D376035A}"
EndProject
Project("{FAE04EC0-301F-11D3-BF4B-00C04F79EFBC}") = "SerazeniVlakenWaitPulse", "SerazeniVlakenWaitPulse\SerazeniVlakenWaitPulse.csproj", "{6F028DE3-FB75-4411-A980-F77AFC8BD18B}"
EndProject
Project("{FAE04EC0-301F-11D3-BF4B-00C04F79EFBC}") = "IAsyncResult", "IAsyncResult\IAsyncResult.csproj", "{EB5B3C4D-4ED8-4C70-90B8-105817170145}"
EndProject
Project("{FAE04EC0-301F-11D3-BF4B-00C04F79EFBC}") = "CounterWithDependencyProperty", "CounterWithDependencyProperty\CounterWithDependencyProperty.csproj", "{AFAB3A33-291D-4821-877E-647A17368841}"
EndProject
Project("{FAE04EC0-301F-11D3-BF4B-00C04F79EFBC}") = "SystemThreadingTimer", "SystemThreadingTimer\SystemThreadingTimer.csproj", "{236A5B57-9141-441E-8819-2B19D6B1BEAF}"
EndProject
Project("{FAE04EC0-301F-11D3-BF4B-00C04F79EFBC}") = "NullableValues", "NullableValues\NullableValues.csproj", "{F608ACBE-F990-4E79-AC8E-5D81F31188D7}"
EndProject
Project("{FAE04EC0-301F-11D3-BF4B-00C04F79EFBC}") = "Exceptions", "Exceptions\Exceptions.csproj", "{9649A0C3-0B16-4E53-A65E-3813874FE81F}"
EndProject
Project("{FAE04EC0-301F-11D3-BF4B-00C04F79EFBC}") = "CanctellationTokenNaManualResetEventu", "CanctellationTokenNaManualResetEventu\CanctellationTokenNaManualResetEventu.csproj", "{8AD446FC-E21F-4AE8-BDC7-FC0CC670EB29}"
EndProject
Project("{FAE04EC0-301F-11D3-BF4B-00C04F79EFBC}") = "Slider", "Slider\Slider.csproj", "{38360F62-7EFA-40E8-90CA-761424EC393E}"
EndProject
Project("{2150E333-8FDC-42A3-9474-1A3956D46DE8}") = "WPF", "WPF", "{9D5DFFC4-0219-4DF4-9011-1B656791DC59}"
EndProject
Project("{FAE04EC0-301F-11D3-BF4B-00C04F79EFBC}") = "DoubleTextBox", "DoubleTextBox\DoubleTextBox.csproj", "{6170F44F-D0B0-4103-BF39-7AB2B5E780FF}"
EndProject
Project("{2150E333-8FDC-42A3-9474-1A3956D46DE8}") = "Telerik", "Telerik", "{A945145E-EFB2-4257-8ED9-B0A66806C910}"
EndProject
Project("{FAE04EC0-301F-11D3-BF4B-00C04F79EFBC}") = "ExtendedRadGridViewPlusBehaviors", "ExtendedRadGridViewPlusBehaviors\ExtendedRadGridViewPlusBehaviors.csproj", "{1D881ECA-9039-4E11-809F-4D1ADBDE64FD}"
EndProject
Project("{2150E333-8FDC-42A3-9474-1A3956D46DE8}") = "Vyjimky", "Vyjimky", "{7CD29E40-8AE3-4BA0-9D6A-158D5202E4B2}"
EndProject
Project("{FAE04EC0-301F-11D3-BF4B-00C04F79EFBC}") = "TryFinallyTest1", "TryFinallyTest1\TryFinallyTest1.csproj", "{2CAFA786-9343-4C45-9796-4729CAF07996}"
EndProject
Project("{FAE04EC0-301F-11D3-BF4B-00C04F79EFBC}") = "ManualResetEventProZachytavadlo", "ManualResetEventProZachytavadlo\ManualResetEventProZachytavadlo.csproj", "{97C3CE85-C6DF-44F4-935E-1359C7F307EF}"
EndProject
Project("{FAE04EC0-301F-11D3-BF4B-00C04F79EFBC}") = "TextBlockWithLongTextRightAlignment", "TextBlockWithLongTextRightAlignment\TextBlockWithLongTextRightAlignment.csproj", "{5B7769E0-7484-4EBB-8465-A8473DB5713B}"
EndProject
Project("{FAE04EC0-301F-11D3-BF4B-00C04F79EFBC}") = "IDataErrorInfoWithFluentValidation", "IDataErrorInfoWithFluentValidation\IDataErrorInfoWithFluentValidation.csproj", "{68E8B2D9-8F4F-48DD-B25F-7A4222F770CC}"
EndProject
Project("{FAE04EC0-301F-11D3-BF4B-00C04F79EFBC}") = "MagnifierDemoShell", "..\..\..\Projects\Funkcni projekty NEMAZAT\MagnifierDemoWithMouseWheelZoom\MagnifierDemoShell\MagnifierDemoShell.csproj", "{A21C5332-3694-4B67-9B1B-B631BA53CBB7}"
EndProject
Project("{FAE04EC0-301F-11D3-BF4B-00C04F79EFBC}") = "MagnifierDemoGui", "..\..\..\Projects\Funkcni projekty NEMAZAT\MagnifierDemoWithMouseWheelZoom\MagnifierDemoGui\MagnifierDemoGui.csproj", "{BF7567D3-39B7-42A3-A600-19FF80967287}"
EndProject
Project("{2150E333-8FDC-42A3-9474-1A3956D46DE8}") = "Magnifiers", "Magnifiers", "{2C66E4E0-A9EF-4E44-8D4A-F43A3F512410}"
EndProject
Project("{2150E333-8FDC-42A3-9474-1A3956D46DE8}") = "Magnifier od xceed", "Magnifier od xceed", "{20CAB3BF-5DCD-4DE0-BBE0-89C9E709D9A4}"
EndProject
Project("{FAE04EC0-301F-11D3-BF4B-00C04F79EFBC}") = "Xceed_wpfToolkit_Magnifier", "Xceed_wpfToolkit_Magnifier\Xceed_wpfToolkit_Magnifier.csproj", "{DC0AE17B-F5AF-443F-977F-8E8DD96A1DEB}"
EndProject
Project("{2150E333-8FDC-42A3-9474-1A3956D46DE8}") = "Magnifier", "Magnifier", "{F6282C65-E991-4306-B0C2-74666F0C5405}"
EndProject
Project("{FAE04EC0-301F-11D3-BF4B-00C04F79EFBC}") = "RadGrid_Podbarvovani_radku", "RadGrid_Podbarvovani_radku\RadGrid_Podbarvovani_radku.csproj", "{1C9CA2C1-C224-4075-BF6C-3D73623754C8}"
EndProject
Project("{FAE04EC0-301F-11D3-BF4B-00C04F79EFBC}") = "WpfApp2", "WpfApp2\WpfApp2.csproj", "{11095BDC-EE70-40F4-92B5-7CF92859BA35}"
EndProject
Project("{FAE04EC0-301F-11D3-BF4B-00C04F79EFBC}") = "RadGrid_columns_from_viewModel", "RadGrid_columns_from_viewModel\RadGrid_columns_from_viewModel.csproj", "{38D6B259-E0E5-4F70-951F-70BF5BAFA405}"
EndProject
Project("{FAE04EC0-301F-11D3-BF4B-00C04F79EFBC}") = "Common", "Common\Common.csproj", "{7840E327-FCD1-424D-9B12-48F4575EEF83}"
EndProject
Project("{FAE04EC0-301F-11D3-BF4B-00C04F79EFBC}") = "RadCartesianChartTest", "RadCartesianChartTest\RadCartesianChartTest.csproj", "{F1E65C5C-4E2A-4F6D-97F0-97767EA8FB7C}"
EndProject
Project("{9A19103F-16F7-4668-BE54-9A1E7A4F7556}") = "log4net_explanation a run external exe program", "log4net_explanation a run external exe program\log4net_explanation a run external exe program.csproj", "{E23BF53C-CEA6-47BC-82AF-E8704218AEEB}"
EndProject
Project("{9A19103F-16F7-4668-BE54-9A1E7A4F7556}") = "ExternalCacheCleaner", "ExternalCacheCleaner\ExternalCacheCleaner.csproj", "{94ADFAA1-4CA6-475E-B1F4-A9577A52EA10}"
EndProject
Project("{9A19103F-16F7-4668-BE54-9A1E7A4F7556}") = "StringBuilderAppendNullTest", "StringBuilderAppendNullTest\StringBuilderAppendNullTest.csproj", "{1CFE109B-C717-41A0-9215-3896634F2C99}"
EndProject
Project("{9A19103F-16F7-4668-BE54-9A1E7A4F7556}") = "IDataErrorInfoAlaValidaceDocx", "IDataErrorInfoAlaValidaceDocx\IDataErrorInfoAlaValidaceDocx.csproj", "{8CEDECE9-0EE0-4548-AAE9-CCB1A05AD917}"
EndProject
Project("{2150E333-8FDC-42A3-9474-1A3956D46DE8}") = "Validace", "Validace", "{F9EA50E0-B5A7-4540-AC00-4806F07792E4}"
EndProject
Project("{9A19103F-16F7-4668-BE54-9A1E7A4F7556}") = "INotifyDataErrorInfo", "INotifyDataErrorInfo\INotifyDataErrorInfo.csproj", "{66C2085F-A6EE-4026-9333-DA51B0192F43}"
EndProject
Project("{9A19103F-16F7-4668-BE54-9A1E7A4F7556}") = "ThrowIfCancellationRequestedTest", "ThrowIfCancellationRequestedTest\ThrowIfCancellationRequestedTest.csproj", "{F7984C7A-84E6-4F3F-B1C4-D92259A076CA}"
EndProject
Project("{9A19103F-16F7-4668-BE54-9A1E7A4F7556}") = "QueueTest", "Thready\QueueTest\QueueTest.csproj", "{4FE3E857-7175-48AA-9D2B-05BE536A358E}"
EndProject
Project("{9A19103F-16F7-4668-BE54-9A1E7A4F7556}") = "TaskQueueTest", "Thready\TaskQueueTest\TaskQueueTest.csproj", "{ECDAF199-946B-4226-A8DC-915D0ACA2BB9}"
EndProject
Project("{2150E333-8FDC-42A3-9474-1A3956D46DE8}") = "Externi procesy spusteni batky nebo exace", "Externi procesy spusteni batky nebo exace", "{A10A8DCB-D2D1-4525-AB9A-654FC5E08BE0}"
EndProject
Project("{FAE04EC0-301F-11D3-BF4B-00C04F79EFBC}") = "Bat_runner", "Bat_runner\Bat_runner.csproj", "{8AF4465F-0F4A-4261-9CB6-0E9C1703D5A4}"
EndProject
Project("{FAE04EC0-301F-11D3-BF4B-00C04F79EFBC}") = "PokracujeForeeachVeKteremBylaVyhozenaVyjimka", "PokracujeForeeachVeKteremBylaVyhozenaVyjimka\PokracujeForeeachVeKteremBylaVyhozenaVyjimka.csproj", "{734D60C7-7161-4908-B661-083E65FFE4BA}"
EndProject
Project("{FAE04EC0-301F-11D3-BF4B-00C04F79EFBC}") = "CancellationTokenNaAsyncAwaitu", "Thready\CancellationTokenNaAsyncAwaitu\CancellationTokenNaAsyncAwaitu.csproj", "{A310D705-8F87-4140-881A-2C3B03429770}"
EndProject
Project("{FAE04EC0-301F-11D3-BF4B-00C04F79EFBC}") = "ColorsComparer", "ColorsComparer\ColorsComparer.csproj", "{C384CF9E-5F08-4931-9DC1-051430C89DE3}"
EndProject
Project("{FAE04EC0-301F-11D3-BF4B-00C04F79EFBC}") = "AvalonDockingManagerWithLayoutSerializer", "AvalonDockingManagerWithLayoutSerializer\AvalonDockingManagerWithLayoutSerializer.csproj", "{7491371D-37BE-419D-A63B-7C55E10597CE}"
EndProject
Project("{FAE04EC0-301F-11D3-BF4B-00C04F79EFBC}") = "TechnikaViceViewProJedenViewModel", "TechnikaViceViewProJedenViewModel\TechnikaViceViewProJedenViewModel.csproj", "{1634CBFA-ABB7-4EC1-A794-A48B221AE34E}"
EndProject
Project("{2150E333-8FDC-42A3-9474-1A3956D46DE8}") = "Syncfusion", "Syncfusion", "{66A3599C-E989-4D7C-8347-A752643B4A63}"
EndProject
Project("{9A19103F-16F7-4668-BE54-9A1E7A4F7556}") = "SfDataGrid", "SfDataGrid\SfDataGrid.csproj", "{191F1CB8-4990-4314-9B85-F2F89F8FB221}"
EndProject
Project("{FAE04EC0-301F-11D3-BF4B-00C04F79EFBC}") = "DataGrid_Themes", "change-themes-at-runtime-using-skinmanager-master\DataGrid_Themes.csproj", "{F27DFE2C-2F0C-4030-9FF8-F56EF696CB0F}"
EndProject
Project("{FAE04EC0-301F-11D3-BF4B-00C04F79EFBC}") = "Cancellation_UpdateView_Adwind", "Thready\Cancellation_UpdateView_Adwind\Cancellation_UpdateView_Adwind.csproj", "{7877369D-7367-474B-874F-84B54A190651}"
EndProject
Project("{FAE04EC0-301F-11D3-BF4B-00C04F79EFBC}") = "RibbonBackstageCustomTheme", "RibbonBackstageCustomTheme\RibbonBackstageCustomTheme.csproj", "{DD9265AF-FF4E-4B41-9F13-27FF6FBCFF39}"
EndProject
Project("{FAE04EC0-301F-11D3-BF4B-00C04F79EFBC}") = "SyncfusionGridControl", "SyncfusionGridControl\SyncfusionGridControl\SyncfusionGridControl.csproj", "{CF9293BD-49EE-4C5C-901A-3BBA651473AD}"
EndProject
Project("{2150E333-8FDC-42A3-9474-1A3956D46DE8}") = "PivotTable", "PivotTable", "{A4009568-4C83-4B7C-A280-84413BD2FB96}"
EndProject
Project("{9A19103F-16F7-4668-BE54-9A1E7A4F7556}") = "Format Pivot Table", "Format Pivot Table\Format Pivot Table\Format Pivot Table.csproj", "{F13937DE-A510-4276-A858-4814EF89C8A3}"
EndProject
Project("{2150E333-8FDC-42A3-9474-1A3956D46DE8}") = "GridControl", "GridControl", "{2A1578BB-43E2-4DC3-8CB0-9889A6537820}"
EndProject
Project("{FAE04EC0-301F-11D3-BF4B-00C04F79EFBC}") = "GridControlSample", "GridControl_ScrollingCountOfLines_HighligtHeaders\GridControlSample.csproj", "{28B797B2-9EF8-4BD9-9F2D-09DFD48D3431}"
EndProject
Project("{2150E333-8FDC-42A3-9474-1A3956D46DE8}") = "Marshalovani objektu", "Marshalovani objektu", "{87CC9458-C3B1-47A9-B351-7EC3AC6ABA71}"
EndProject
Project("{FAE04EC0-301F-11D3-BF4B-00C04F79EFBC}") = "ServrovaCast_vytvoreniTcpKanalu_registraceWellKnownTypu", "ServrovaCast_vytvoreniTcpKanalu_registraceWellKnownTypu\ServrovaCast_vytvoreniTcpKanalu_registraceWellKnownTypu.csproj", "{55611F65-56C6-43DF-8A34-32F232C67DC8}"
EndProject
Project("{9A19103F-16F7-4668-BE54-9A1E7A4F7556}") = "ExampleHost", "ExampleHost\ExampleHost.csproj", "{CE35FE32-E744-4656-9BFB-BECFCFCD35D5}"
EndProject
Project("{9A19103F-16F7-4668-BE54-9A1E7A4F7556}") = "LibraryAsDllCore", "LibraryAsDllCore\LibraryAsDllCore.csproj", "{EBBCEB55-E218-4A8B-B68E-6B6D18B5BD2E}"
EndProject
Project("{FAE04EC0-301F-11D3-BF4B-00C04F79EFBC}") = "ZavolaniWorkeraNaJineDomenePresIsolated_48", "ZavolaniWorkeraNaJineDomenePresIsolated_48\ZavolaniWorkeraNaJineDomenePresIsolated_48.csproj", "{D049B27C-4B20-47F8-9428-E2031C2EC679}"
EndProject
Project("{FAE04EC0-301F-11D3-BF4B-00C04F79EFBC}") = "LibraryAsDll_48", "LibraryAsDll_48\LibraryAsDll_48.csproj", "{6E4D669C-8933-4FD9-8128-3B5F4218F4FE}"
EndProject
Project("{FAE04EC0-301F-11D3-BF4B-00C04F79EFBC}") = "InBetweenClassLibrary48", "InBetweenClassLibrary48\InBetweenClassLibrary48.csproj", "{2C2D0528-E08A-411B-B119-54E7125156D5}"
EndProject
Project("{FAE04EC0-301F-11D3-BF4B-00C04F79EFBC}") = "KlientskaCast", "KlientskaCast\KlientskaCast.csproj", "{FFDABD5D-7B25-423A-9B09-1F499F347F65}"
EndProject
Project("{2150E333-8FDC-42A3-9474-1A3956D46DE8}") = "AppDomainsInDotNetCore", "AppDomainsInDotNetCore", "{B6CB3E0D-0BFB-42F9-9B60-36122B847007}"
EndProject
Project("{9A19103F-16F7-4668-BE54-9A1E7A4F7556}") = "AssemblyLoadContextProjectCore", "AssemblyLoadContextProjectCore\AssemblyLoadContextProjectCore.csproj", "{FBA80F8A-7A6E-4F13-A3A5-6BC9559C45C4}"
EndProject
Project("{9A19103F-16F7-4668-BE54-9A1E7A4F7556}") = "ClassLibraryAsDllCore", "ClassLibraryAsDllCore\ClassLibraryAsDllCore.csproj", "{B9534202-4FF4-4076-AE07-9D85AF3E634F}"
EndProject
Project("{2150E333-8FDC-42A3-9474-1A3956D46DE8}") = "KomunikacePresTcpChannel", "KomunikacePresTcpChannel", "{01D44415-A6CC-4417-A87C-288ABA0F8DAE}"
EndProject
Project("{2150E333-8FDC-42A3-9474-1A3956D46DE8}") = "Host_HostedService_StartStop", "Host_HostedService_StartStop", "{B3874DE6-A865-43E1-803E-1B6979EA0473}"
EndProject
Project("{2150E333-8FDC-42A3-9474-1A3956D46DE8}") = "WorkerNaJineDomenePresIsolatedAlaKite", "WorkerNaJineDomenePresIsolatedAlaKite", "{6BFD6CD0-B9F2-4E55-A8C7-F8871600F7AC}"
EndProject
Project("{FAE04EC0-301F-11D3-BF4B-00C04F79EFBC}") = "PricingWindow48", "PricingWindow48\PricingWindow48.csproj", "{C7F6521D-7A2C-46B7-B510-813B60816995}"
EndProject
Project("{FAE04EC0-301F-11D3-BF4B-00C04F79EFBC}") = "ClassLibraryAsDll48", "ClassLibraryAsDll48\ClassLibraryAsDll48.csproj", "{213FD554-2CD1-4288-B73E-6BA1A2A910CD}"
EndProject
Project("{FAE04EC0-301F-11D3-BF4B-00C04F79EFBC}") = "ApplicationLibrary48", "ApplicationLibrary48\ApplicationLibrary48.csproj", "{32DBB78E-AB67-410D-AE27-FAB42A43AB0B}"
EndProject
Project("{FAE04EC0-301F-11D3-BF4B-00C04F79EFBC}") = "WpfApplication48", "WpfApplication48\WpfApplication48.csproj", "{6236E25D-EC6E-4608-ACD5-2C911344EF79}"
EndProject
Project("{2150E333-8FDC-42A3-9474-1A3956D46DE8}") = "Komunikace mezi procesy", "Komunikace mezi procesy", "{AE1A5662-EA79-4397-918B-36C4E9DCA1F8}"
EndProject
Project("{9A19103F-16F7-4668-BE54-9A1E7A4F7556}") = "CoreAppKite", "CoreAppKite\CoreAppKite.csproj", "{973653F2-A8AE-4320-BEC9-DBAD65D69F22}"
EndProject
Project("{FAE04EC0-301F-11D3-BF4B-00C04F79EFBC}") = "AppPricing48", "AppPricing48\AppPricing48.csproj", "{2E90CEA0-D0C8-4377-AD5C-E9FAD2545698}"
EndProject
Project("{2150E333-8FDC-42A3-9474-1A3956D46DE8}") = "SfChart", "SfChart", "{954C8CD6-FD49-4135-A517-BFD9A4C2580A}"
EndProject
Project("{9A19103F-16F7-4668-BE54-9A1E7A4F7556}") = "SfChartFontInReview", "SfChartFontInReview\SfChartFontInReview.csproj", "{7296578D-0A5E-4F91-AD62-0AC8F5B6DF27}"
EndProject
Project("{FAE04EC0-301F-11D3-BF4B-00C04F79EFBC}") = "ThemeRegistrator", "ThemeRegistrator\ThemeRegistrator.csproj", "{E1CA3FA4-E346-488D-B565-32A9CF9C2266}"
EndProject
Project("{2150E333-8FDC-42A3-9474-1A3956D46DE8}") = "ExcelImportExport_AllFormats", "ExcelImportExport_AllFormats", "{C3D34180-765D-4DE3-AE0F-3450DA55A080}"
EndProject
Project("{9A19103F-16F7-4668-BE54-9A1E7A4F7556}") = "XlsxReaderNetCoreProject", "XlsxReader\XlsxReaderNetCoreProject\XlsxReaderNetCoreProject.csproj", "{BB6B5C4B-1760-46E3-B399-A936A757BC81}"
EndProject
Project("{FAE04EC0-301F-11D3-BF4B-00C04F79EFBC}") = "EmfToPdfExporter", "EmfToPdfExporter\EmfToPdfExporter.csproj", "{F4CB0181-B085-403B-B09E-067C0723B76A}"
EndProject
Project("{2150E333-8FDC-42A3-9474-1A3956D46DE8}") = "SfDataGrid", "SfDataGrid", "{DE91D4E8-AAFC-4217-B54A-D3171B090E03}"
EndProject
Project("{2150E333-8FDC-42A3-9474-1A3956D46DE8}") = "RibbonAndBackstage", "RibbonAndBackstage", "{191E7C60-2FF2-4100-BEB9-3E80769A77DC}"
EndProject
Project("{9A19103F-16F7-4668-BE54-9A1E7A4F7556}") = "MergeTwoExcelFilesAndConvertItToPdf", "MergeTwoExcelFilesAndConvertItToPdf\MergeTwoExcelFilesAndConvertItToPdf.csproj", "{C5268CC1-CE78-455F-B779-DC54313E4C18}"
EndProject
Project("{9A19103F-16F7-4668-BE54-9A1E7A4F7556}") = "ScrollableWrappPanel", "ScrollableWrappPanel\ScrollableWrappPanel.csproj", "{F8898E15-C7C2-43EE-9DD9-E9A5AB952C71}"
EndProject
Project("{9A19103F-16F7-4668-BE54-9A1E7A4F7556}") = "ExportToExcelWithDataBars", "ExportToExcelWithDataBars\ExportToExcelWithDataBars.csproj", "{8CACE1D3-4DED-4E2C-96A8-FD74337D242F}"
EndProject
Project("{9A19103F-16F7-4668-BE54-9A1E7A4F7556}") = "ExportToHtml", "ExportToHtml\ExportToHtml.csproj", "{A629C402-D749-4961-A402-03B4E2D2FF9A}"
EndProject
Project("{2150E333-8FDC-42A3-9474-1A3956D46DE8}") = "Testy", "Testy", "{441D2628-A4C2-40F2-A979-4AFFFAB2465F}"
EndProject
Project("{FAE04EC0-301F-11D3-BF4B-00C04F79EFBC}") = "Linq2dbTests", "Linq2dbTests\Linq2dbTests.csproj", "{73E3E052-A443-4ABD-97EC-7BEDDE353ECF}"
EndProject
Project("{FAE04EC0-301F-11D3-BF4B-00C04F79EFBC}") = "Linq2dbTests2", "Linq2dbTests2\Linq2dbTests2.csproj", "{503B75D6-271A-4F38-972F-61F4F7325A74}"
EndProject
Global
	GlobalSection(SolutionConfigurationPlatforms) = preSolution
		Debug|Any CPU = Debug|Any CPU
		Release|Any CPU = Release|Any CPU
	EndGlobalSection
	GlobalSection(ProjectConfigurationPlatforms) = postSolution
		{B7EEF213-995A-4E93-B72C-117D7AF03D08}.Debug|Any CPU.ActiveCfg = Debug|Any CPU
		{B7EEF213-995A-4E93-B72C-117D7AF03D08}.Debug|Any CPU.Build.0 = Debug|Any CPU
		{B7EEF213-995A-4E93-B72C-117D7AF03D08}.Release|Any CPU.ActiveCfg = Release|Any CPU
		{B7EEF213-995A-4E93-B72C-117D7AF03D08}.Release|Any CPU.Build.0 = Release|Any CPU
		{E4FB1C1D-93FB-47EB-AC7E-0C9FA606618B}.Debug|Any CPU.ActiveCfg = Debug|Any CPU
		{E4FB1C1D-93FB-47EB-AC7E-0C9FA606618B}.Debug|Any CPU.Build.0 = Debug|Any CPU
		{E4FB1C1D-93FB-47EB-AC7E-0C9FA606618B}.Release|Any CPU.ActiveCfg = Release|Any CPU
		{E4FB1C1D-93FB-47EB-AC7E-0C9FA606618B}.Release|Any CPU.Build.0 = Release|Any CPU
		{1B089F98-2D04-4F9C-A6CE-BBDB066E7A4B}.Debug|Any CPU.ActiveCfg = Debug|Any CPU
		{1B089F98-2D04-4F9C-A6CE-BBDB066E7A4B}.Debug|Any CPU.Build.0 = Debug|Any CPU
		{1B089F98-2D04-4F9C-A6CE-BBDB066E7A4B}.Release|Any CPU.ActiveCfg = Release|Any CPU
		{1B089F98-2D04-4F9C-A6CE-BBDB066E7A4B}.Release|Any CPU.Build.0 = Release|Any CPU
		{5525AED8-87E9-4107-87F7-0C69141DB43B}.Debug|Any CPU.ActiveCfg = Debug|Any CPU
		{5525AED8-87E9-4107-87F7-0C69141DB43B}.Debug|Any CPU.Build.0 = Debug|Any CPU
		{5525AED8-87E9-4107-87F7-0C69141DB43B}.Release|Any CPU.ActiveCfg = Release|Any CPU
		{5525AED8-87E9-4107-87F7-0C69141DB43B}.Release|Any CPU.Build.0 = Release|Any CPU
		{76AD3A42-B7AE-44DD-8525-BA6F3A787B5E}.Debug|Any CPU.ActiveCfg = Debug|Any CPU
		{76AD3A42-B7AE-44DD-8525-BA6F3A787B5E}.Debug|Any CPU.Build.0 = Debug|Any CPU
		{76AD3A42-B7AE-44DD-8525-BA6F3A787B5E}.Release|Any CPU.ActiveCfg = Release|Any CPU
		{76AD3A42-B7AE-44DD-8525-BA6F3A787B5E}.Release|Any CPU.Build.0 = Release|Any CPU
		{DF750758-A1BF-469C-9C32-3DFE0FD18BCA}.Debug|Any CPU.ActiveCfg = Debug|Any CPU
		{DF750758-A1BF-469C-9C32-3DFE0FD18BCA}.Debug|Any CPU.Build.0 = Debug|Any CPU
		{DF750758-A1BF-469C-9C32-3DFE0FD18BCA}.Release|Any CPU.ActiveCfg = Release|Any CPU
		{DF750758-A1BF-469C-9C32-3DFE0FD18BCA}.Release|Any CPU.Build.0 = Release|Any CPU
		{CB7B0A70-F18E-457B-B121-EDD48A174F12}.Debug|Any CPU.ActiveCfg = Debug|Any CPU
		{CB7B0A70-F18E-457B-B121-EDD48A174F12}.Debug|Any CPU.Build.0 = Debug|Any CPU
		{CB7B0A70-F18E-457B-B121-EDD48A174F12}.Release|Any CPU.ActiveCfg = Release|Any CPU
		{CB7B0A70-F18E-457B-B121-EDD48A174F12}.Release|Any CPU.Build.0 = Release|Any CPU
		{DA89ADEE-2710-424E-AFCA-E1EAB368CBE1}.Debug|Any CPU.ActiveCfg = Debug|Any CPU
		{DA89ADEE-2710-424E-AFCA-E1EAB368CBE1}.Debug|Any CPU.Build.0 = Debug|Any CPU
		{DA89ADEE-2710-424E-AFCA-E1EAB368CBE1}.Release|Any CPU.ActiveCfg = Release|Any CPU
		{DA89ADEE-2710-424E-AFCA-E1EAB368CBE1}.Release|Any CPU.Build.0 = Release|Any CPU
		{2A51ABED-8212-4ACB-B6B7-27B76C00B48E}.Debug|Any CPU.ActiveCfg = Debug|Any CPU
		{2A51ABED-8212-4ACB-B6B7-27B76C00B48E}.Debug|Any CPU.Build.0 = Debug|Any CPU
		{2A51ABED-8212-4ACB-B6B7-27B76C00B48E}.Release|Any CPU.ActiveCfg = Release|Any CPU
		{2A51ABED-8212-4ACB-B6B7-27B76C00B48E}.Release|Any CPU.Build.0 = Release|Any CPU
		{CD07F51D-E4DA-4544-8E7C-6EC066DAFFE3}.Debug|Any CPU.ActiveCfg = Debug|Any CPU
		{CD07F51D-E4DA-4544-8E7C-6EC066DAFFE3}.Debug|Any CPU.Build.0 = Debug|Any CPU
		{CD07F51D-E4DA-4544-8E7C-6EC066DAFFE3}.Release|Any CPU.ActiveCfg = Release|Any CPU
		{CD07F51D-E4DA-4544-8E7C-6EC066DAFFE3}.Release|Any CPU.Build.0 = Release|Any CPU
		{C7111C94-9971-476D-A8EE-14A32548C921}.Debug|Any CPU.ActiveCfg = Debug|Any CPU
		{C7111C94-9971-476D-A8EE-14A32548C921}.Debug|Any CPU.Build.0 = Debug|Any CPU
		{C7111C94-9971-476D-A8EE-14A32548C921}.Release|Any CPU.ActiveCfg = Release|Any CPU
		{C7111C94-9971-476D-A8EE-14A32548C921}.Release|Any CPU.Build.0 = Release|Any CPU
		{3DD0B248-CEAF-4220-A260-3FB311BA02D0}.Debug|Any CPU.ActiveCfg = Debug|Any CPU
		{3DD0B248-CEAF-4220-A260-3FB311BA02D0}.Debug|Any CPU.Build.0 = Debug|Any CPU
		{3DD0B248-CEAF-4220-A260-3FB311BA02D0}.Release|Any CPU.ActiveCfg = Release|Any CPU
		{3DD0B248-CEAF-4220-A260-3FB311BA02D0}.Release|Any CPU.Build.0 = Release|Any CPU
		{4069F9DA-2135-43ED-B3F2-EC2E408629A2}.Debug|Any CPU.ActiveCfg = Debug|Any CPU
		{4069F9DA-2135-43ED-B3F2-EC2E408629A2}.Debug|Any CPU.Build.0 = Debug|Any CPU
		{4069F9DA-2135-43ED-B3F2-EC2E408629A2}.Release|Any CPU.ActiveCfg = Release|Any CPU
		{4069F9DA-2135-43ED-B3F2-EC2E408629A2}.Release|Any CPU.Build.0 = Release|Any CPU
		{FC8CECE9-3253-4CFD-858F-2F61830E518B}.Debug|Any CPU.ActiveCfg = Debug|Any CPU
		{FC8CECE9-3253-4CFD-858F-2F61830E518B}.Debug|Any CPU.Build.0 = Debug|Any CPU
		{FC8CECE9-3253-4CFD-858F-2F61830E518B}.Release|Any CPU.ActiveCfg = Release|Any CPU
		{FC8CECE9-3253-4CFD-858F-2F61830E518B}.Release|Any CPU.Build.0 = Release|Any CPU
		{4C20D8D0-8B05-4BF2-9075-7079A71E3585}.Debug|Any CPU.ActiveCfg = Debug|Any CPU
		{4C20D8D0-8B05-4BF2-9075-7079A71E3585}.Debug|Any CPU.Build.0 = Debug|Any CPU
		{4C20D8D0-8B05-4BF2-9075-7079A71E3585}.Release|Any CPU.ActiveCfg = Release|Any CPU
		{4C20D8D0-8B05-4BF2-9075-7079A71E3585}.Release|Any CPU.Build.0 = Release|Any CPU
		{5E247159-FD6C-4C19-96C5-0E1D4CA18458}.Debug|Any CPU.ActiveCfg = Debug|Any CPU
		{5E247159-FD6C-4C19-96C5-0E1D4CA18458}.Debug|Any CPU.Build.0 = Debug|Any CPU
		{5E247159-FD6C-4C19-96C5-0E1D4CA18458}.Release|Any CPU.ActiveCfg = Release|Any CPU
		{5E247159-FD6C-4C19-96C5-0E1D4CA18458}.Release|Any CPU.Build.0 = Release|Any CPU
		{0A4A6E93-BC6F-474E-87C8-69B2D70048F9}.Debug|Any CPU.ActiveCfg = Debug|Any CPU
		{0A4A6E93-BC6F-474E-87C8-69B2D70048F9}.Debug|Any CPU.Build.0 = Debug|Any CPU
		{0A4A6E93-BC6F-474E-87C8-69B2D70048F9}.Release|Any CPU.ActiveCfg = Release|Any CPU
		{0A4A6E93-BC6F-474E-87C8-69B2D70048F9}.Release|Any CPU.Build.0 = Release|Any CPU
		{A5FF2279-F956-4C9D-8BE7-17E9D376035A}.Debug|Any CPU.ActiveCfg = Debug|Any CPU
		{A5FF2279-F956-4C9D-8BE7-17E9D376035A}.Debug|Any CPU.Build.0 = Debug|Any CPU
		{A5FF2279-F956-4C9D-8BE7-17E9D376035A}.Release|Any CPU.ActiveCfg = Release|Any CPU
		{A5FF2279-F956-4C9D-8BE7-17E9D376035A}.Release|Any CPU.Build.0 = Release|Any CPU
		{6F028DE3-FB75-4411-A980-F77AFC8BD18B}.Debug|Any CPU.ActiveCfg = Debug|Any CPU
		{6F028DE3-FB75-4411-A980-F77AFC8BD18B}.Debug|Any CPU.Build.0 = Debug|Any CPU
		{6F028DE3-FB75-4411-A980-F77AFC8BD18B}.Release|Any CPU.ActiveCfg = Release|Any CPU
		{6F028DE3-FB75-4411-A980-F77AFC8BD18B}.Release|Any CPU.Build.0 = Release|Any CPU
		{EB5B3C4D-4ED8-4C70-90B8-105817170145}.Debug|Any CPU.ActiveCfg = Debug|Any CPU
		{EB5B3C4D-4ED8-4C70-90B8-105817170145}.Debug|Any CPU.Build.0 = Debug|Any CPU
		{EB5B3C4D-4ED8-4C70-90B8-105817170145}.Release|Any CPU.ActiveCfg = Release|Any CPU
		{EB5B3C4D-4ED8-4C70-90B8-105817170145}.Release|Any CPU.Build.0 = Release|Any CPU
		{AFAB3A33-291D-4821-877E-647A17368841}.Debug|Any CPU.ActiveCfg = Debug|Any CPU
		{AFAB3A33-291D-4821-877E-647A17368841}.Debug|Any CPU.Build.0 = Debug|Any CPU
		{AFAB3A33-291D-4821-877E-647A17368841}.Release|Any CPU.ActiveCfg = Release|Any CPU
		{AFAB3A33-291D-4821-877E-647A17368841}.Release|Any CPU.Build.0 = Release|Any CPU
		{236A5B57-9141-441E-8819-2B19D6B1BEAF}.Debug|Any CPU.ActiveCfg = Debug|Any CPU
		{236A5B57-9141-441E-8819-2B19D6B1BEAF}.Debug|Any CPU.Build.0 = Debug|Any CPU
		{236A5B57-9141-441E-8819-2B19D6B1BEAF}.Release|Any CPU.ActiveCfg = Release|Any CPU
		{236A5B57-9141-441E-8819-2B19D6B1BEAF}.Release|Any CPU.Build.0 = Release|Any CPU
		{F608ACBE-F990-4E79-AC8E-5D81F31188D7}.Debug|Any CPU.ActiveCfg = Debug|Any CPU
		{F608ACBE-F990-4E79-AC8E-5D81F31188D7}.Debug|Any CPU.Build.0 = Debug|Any CPU
		{F608ACBE-F990-4E79-AC8E-5D81F31188D7}.Release|Any CPU.ActiveCfg = Release|Any CPU
		{F608ACBE-F990-4E79-AC8E-5D81F31188D7}.Release|Any CPU.Build.0 = Release|Any CPU
		{9649A0C3-0B16-4E53-A65E-3813874FE81F}.Debug|Any CPU.ActiveCfg = Debug|Any CPU
		{9649A0C3-0B16-4E53-A65E-3813874FE81F}.Debug|Any CPU.Build.0 = Debug|Any CPU
		{9649A0C3-0B16-4E53-A65E-3813874FE81F}.Release|Any CPU.ActiveCfg = Release|Any CPU
		{9649A0C3-0B16-4E53-A65E-3813874FE81F}.Release|Any CPU.Build.0 = Release|Any CPU
		{8AD446FC-E21F-4AE8-BDC7-FC0CC670EB29}.Debug|Any CPU.ActiveCfg = Debug|Any CPU
		{8AD446FC-E21F-4AE8-BDC7-FC0CC670EB29}.Debug|Any CPU.Build.0 = Debug|Any CPU
		{8AD446FC-E21F-4AE8-BDC7-FC0CC670EB29}.Release|Any CPU.ActiveCfg = Release|Any CPU
		{8AD446FC-E21F-4AE8-BDC7-FC0CC670EB29}.Release|Any CPU.Build.0 = Release|Any CPU
		{38360F62-7EFA-40E8-90CA-761424EC393E}.Debug|Any CPU.ActiveCfg = Debug|Any CPU
		{38360F62-7EFA-40E8-90CA-761424EC393E}.Debug|Any CPU.Build.0 = Debug|Any CPU
		{38360F62-7EFA-40E8-90CA-761424EC393E}.Release|Any CPU.ActiveCfg = Release|Any CPU
		{38360F62-7EFA-40E8-90CA-761424EC393E}.Release|Any CPU.Build.0 = Release|Any CPU
		{6170F44F-D0B0-4103-BF39-7AB2B5E780FF}.Debug|Any CPU.ActiveCfg = Debug|Any CPU
		{6170F44F-D0B0-4103-BF39-7AB2B5E780FF}.Debug|Any CPU.Build.0 = Debug|Any CPU
		{6170F44F-D0B0-4103-BF39-7AB2B5E780FF}.Release|Any CPU.ActiveCfg = Release|Any CPU
		{6170F44F-D0B0-4103-BF39-7AB2B5E780FF}.Release|Any CPU.Build.0 = Release|Any CPU
		{1D881ECA-9039-4E11-809F-4D1ADBDE64FD}.Debug|Any CPU.ActiveCfg = Debug|Any CPU
		{1D881ECA-9039-4E11-809F-4D1ADBDE64FD}.Debug|Any CPU.Build.0 = Debug|Any CPU
		{1D881ECA-9039-4E11-809F-4D1ADBDE64FD}.Release|Any CPU.ActiveCfg = Release|Any CPU
		{1D881ECA-9039-4E11-809F-4D1ADBDE64FD}.Release|Any CPU.Build.0 = Release|Any CPU
		{2CAFA786-9343-4C45-9796-4729CAF07996}.Debug|Any CPU.ActiveCfg = Debug|Any CPU
		{2CAFA786-9343-4C45-9796-4729CAF07996}.Debug|Any CPU.Build.0 = Debug|Any CPU
		{2CAFA786-9343-4C45-9796-4729CAF07996}.Release|Any CPU.ActiveCfg = Release|Any CPU
		{2CAFA786-9343-4C45-9796-4729CAF07996}.Release|Any CPU.Build.0 = Release|Any CPU
		{97C3CE85-C6DF-44F4-935E-1359C7F307EF}.Debug|Any CPU.ActiveCfg = Debug|Any CPU
		{97C3CE85-C6DF-44F4-935E-1359C7F307EF}.Debug|Any CPU.Build.0 = Debug|Any CPU
		{97C3CE85-C6DF-44F4-935E-1359C7F307EF}.Release|Any CPU.ActiveCfg = Release|Any CPU
		{97C3CE85-C6DF-44F4-935E-1359C7F307EF}.Release|Any CPU.Build.0 = Release|Any CPU
		{5B7769E0-7484-4EBB-8465-A8473DB5713B}.Debug|Any CPU.ActiveCfg = Debug|Any CPU
		{5B7769E0-7484-4EBB-8465-A8473DB5713B}.Debug|Any CPU.Build.0 = Debug|Any CPU
		{5B7769E0-7484-4EBB-8465-A8473DB5713B}.Release|Any CPU.ActiveCfg = Release|Any CPU
		{5B7769E0-7484-4EBB-8465-A8473DB5713B}.Release|Any CPU.Build.0 = Release|Any CPU
		{68E8B2D9-8F4F-48DD-B25F-7A4222F770CC}.Debug|Any CPU.ActiveCfg = Debug|Any CPU
		{68E8B2D9-8F4F-48DD-B25F-7A4222F770CC}.Debug|Any CPU.Build.0 = Debug|Any CPU
		{68E8B2D9-8F4F-48DD-B25F-7A4222F770CC}.Release|Any CPU.ActiveCfg = Release|Any CPU
		{68E8B2D9-8F4F-48DD-B25F-7A4222F770CC}.Release|Any CPU.Build.0 = Release|Any CPU
		{A21C5332-3694-4B67-9B1B-B631BA53CBB7}.Debug|Any CPU.ActiveCfg = Debug|Any CPU
		{A21C5332-3694-4B67-9B1B-B631BA53CBB7}.Debug|Any CPU.Build.0 = Debug|Any CPU
		{A21C5332-3694-4B67-9B1B-B631BA53CBB7}.Release|Any CPU.ActiveCfg = Release|Any CPU
		{A21C5332-3694-4B67-9B1B-B631BA53CBB7}.Release|Any CPU.Build.0 = Release|Any CPU
		{BF7567D3-39B7-42A3-A600-19FF80967287}.Debug|Any CPU.ActiveCfg = Debug|Any CPU
		{BF7567D3-39B7-42A3-A600-19FF80967287}.Debug|Any CPU.Build.0 = Debug|Any CPU
		{BF7567D3-39B7-42A3-A600-19FF80967287}.Release|Any CPU.ActiveCfg = Release|Any CPU
		{BF7567D3-39B7-42A3-A600-19FF80967287}.Release|Any CPU.Build.0 = Release|Any CPU
		{DC0AE17B-F5AF-443F-977F-8E8DD96A1DEB}.Debug|Any CPU.ActiveCfg = Debug|Any CPU
		{DC0AE17B-F5AF-443F-977F-8E8DD96A1DEB}.Debug|Any CPU.Build.0 = Debug|Any CPU
		{DC0AE17B-F5AF-443F-977F-8E8DD96A1DEB}.Release|Any CPU.ActiveCfg = Release|Any CPU
		{DC0AE17B-F5AF-443F-977F-8E8DD96A1DEB}.Release|Any CPU.Build.0 = Release|Any CPU
		{1C9CA2C1-C224-4075-BF6C-3D73623754C8}.Debug|Any CPU.ActiveCfg = Debug|Any CPU
		{1C9CA2C1-C224-4075-BF6C-3D73623754C8}.Debug|Any CPU.Build.0 = Debug|Any CPU
		{1C9CA2C1-C224-4075-BF6C-3D73623754C8}.Release|Any CPU.ActiveCfg = Release|Any CPU
		{1C9CA2C1-C224-4075-BF6C-3D73623754C8}.Release|Any CPU.Build.0 = Release|Any CPU
		{11095BDC-EE70-40F4-92B5-7CF92859BA35}.Debug|Any CPU.ActiveCfg = Debug|Any CPU
		{11095BDC-EE70-40F4-92B5-7CF92859BA35}.Debug|Any CPU.Build.0 = Debug|Any CPU
		{11095BDC-EE70-40F4-92B5-7CF92859BA35}.Release|Any CPU.ActiveCfg = Release|Any CPU
		{11095BDC-EE70-40F4-92B5-7CF92859BA35}.Release|Any CPU.Build.0 = Release|Any CPU
		{38D6B259-E0E5-4F70-951F-70BF5BAFA405}.Debug|Any CPU.ActiveCfg = Debug|Any CPU
		{38D6B259-E0E5-4F70-951F-70BF5BAFA405}.Debug|Any CPU.Build.0 = Debug|Any CPU
		{38D6B259-E0E5-4F70-951F-70BF5BAFA405}.Release|Any CPU.ActiveCfg = Release|Any CPU
		{38D6B259-E0E5-4F70-951F-70BF5BAFA405}.Release|Any CPU.Build.0 = Release|Any CPU
		{7840E327-FCD1-424D-9B12-48F4575EEF83}.Debug|Any CPU.ActiveCfg = Debug|Any CPU
		{7840E327-FCD1-424D-9B12-48F4575EEF83}.Debug|Any CPU.Build.0 = Debug|Any CPU
		{7840E327-FCD1-424D-9B12-48F4575EEF83}.Release|Any CPU.ActiveCfg = Release|Any CPU
		{7840E327-FCD1-424D-9B12-48F4575EEF83}.Release|Any CPU.Build.0 = Release|Any CPU
		{F1E65C5C-4E2A-4F6D-97F0-97767EA8FB7C}.Debug|Any CPU.ActiveCfg = Debug|Any CPU
		{F1E65C5C-4E2A-4F6D-97F0-97767EA8FB7C}.Debug|Any CPU.Build.0 = Debug|Any CPU
		{F1E65C5C-4E2A-4F6D-97F0-97767EA8FB7C}.Release|Any CPU.ActiveCfg = Release|Any CPU
		{F1E65C5C-4E2A-4F6D-97F0-97767EA8FB7C}.Release|Any CPU.Build.0 = Release|Any CPU
		{E23BF53C-CEA6-47BC-82AF-E8704218AEEB}.Debug|Any CPU.ActiveCfg = Debug|Any CPU
		{E23BF53C-CEA6-47BC-82AF-E8704218AEEB}.Debug|Any CPU.Build.0 = Debug|Any CPU
		{E23BF53C-CEA6-47BC-82AF-E8704218AEEB}.Release|Any CPU.ActiveCfg = Release|Any CPU
		{E23BF53C-CEA6-47BC-82AF-E8704218AEEB}.Release|Any CPU.Build.0 = Release|Any CPU
		{94ADFAA1-4CA6-475E-B1F4-A9577A52EA10}.Debug|Any CPU.ActiveCfg = Debug|Any CPU
		{94ADFAA1-4CA6-475E-B1F4-A9577A52EA10}.Debug|Any CPU.Build.0 = Debug|Any CPU
		{94ADFAA1-4CA6-475E-B1F4-A9577A52EA10}.Release|Any CPU.ActiveCfg = Release|Any CPU
		{94ADFAA1-4CA6-475E-B1F4-A9577A52EA10}.Release|Any CPU.Build.0 = Release|Any CPU
		{1CFE109B-C717-41A0-9215-3896634F2C99}.Debug|Any CPU.ActiveCfg = Debug|Any CPU
		{1CFE109B-C717-41A0-9215-3896634F2C99}.Debug|Any CPU.Build.0 = Debug|Any CPU
		{1CFE109B-C717-41A0-9215-3896634F2C99}.Release|Any CPU.ActiveCfg = Release|Any CPU
		{1CFE109B-C717-41A0-9215-3896634F2C99}.Release|Any CPU.Build.0 = Release|Any CPU
		{8CEDECE9-0EE0-4548-AAE9-CCB1A05AD917}.Debug|Any CPU.ActiveCfg = Debug|Any CPU
		{8CEDECE9-0EE0-4548-AAE9-CCB1A05AD917}.Debug|Any CPU.Build.0 = Debug|Any CPU
		{8CEDECE9-0EE0-4548-AAE9-CCB1A05AD917}.Release|Any CPU.ActiveCfg = Release|Any CPU
		{8CEDECE9-0EE0-4548-AAE9-CCB1A05AD917}.Release|Any CPU.Build.0 = Release|Any CPU
		{66C2085F-A6EE-4026-9333-DA51B0192F43}.Debug|Any CPU.ActiveCfg = Debug|Any CPU
		{66C2085F-A6EE-4026-9333-DA51B0192F43}.Debug|Any CPU.Build.0 = Debug|Any CPU
		{66C2085F-A6EE-4026-9333-DA51B0192F43}.Release|Any CPU.ActiveCfg = Release|Any CPU
		{66C2085F-A6EE-4026-9333-DA51B0192F43}.Release|Any CPU.Build.0 = Release|Any CPU
		{F7984C7A-84E6-4F3F-B1C4-D92259A076CA}.Debug|Any CPU.ActiveCfg = Debug|Any CPU
		{F7984C7A-84E6-4F3F-B1C4-D92259A076CA}.Debug|Any CPU.Build.0 = Debug|Any CPU
		{F7984C7A-84E6-4F3F-B1C4-D92259A076CA}.Release|Any CPU.ActiveCfg = Release|Any CPU
		{F7984C7A-84E6-4F3F-B1C4-D92259A076CA}.Release|Any CPU.Build.0 = Release|Any CPU
		{4FE3E857-7175-48AA-9D2B-05BE536A358E}.Debug|Any CPU.ActiveCfg = Debug|Any CPU
		{4FE3E857-7175-48AA-9D2B-05BE536A358E}.Debug|Any CPU.Build.0 = Debug|Any CPU
		{4FE3E857-7175-48AA-9D2B-05BE536A358E}.Release|Any CPU.ActiveCfg = Release|Any CPU
		{4FE3E857-7175-48AA-9D2B-05BE536A358E}.Release|Any CPU.Build.0 = Release|Any CPU
		{ECDAF199-946B-4226-A8DC-915D0ACA2BB9}.Debug|Any CPU.ActiveCfg = Debug|Any CPU
		{ECDAF199-946B-4226-A8DC-915D0ACA2BB9}.Debug|Any CPU.Build.0 = Debug|Any CPU
		{ECDAF199-946B-4226-A8DC-915D0ACA2BB9}.Release|Any CPU.ActiveCfg = Release|Any CPU
		{ECDAF199-946B-4226-A8DC-915D0ACA2BB9}.Release|Any CPU.Build.0 = Release|Any CPU
		{8AF4465F-0F4A-4261-9CB6-0E9C1703D5A4}.Debug|Any CPU.ActiveCfg = Debug|Any CPU
		{8AF4465F-0F4A-4261-9CB6-0E9C1703D5A4}.Debug|Any CPU.Build.0 = Debug|Any CPU
		{8AF4465F-0F4A-4261-9CB6-0E9C1703D5A4}.Release|Any CPU.ActiveCfg = Release|Any CPU
		{8AF4465F-0F4A-4261-9CB6-0E9C1703D5A4}.Release|Any CPU.Build.0 = Release|Any CPU
		{734D60C7-7161-4908-B661-083E65FFE4BA}.Debug|Any CPU.ActiveCfg = Debug|Any CPU
		{734D60C7-7161-4908-B661-083E65FFE4BA}.Debug|Any CPU.Build.0 = Debug|Any CPU
		{734D60C7-7161-4908-B661-083E65FFE4BA}.Release|Any CPU.ActiveCfg = Release|Any CPU
		{734D60C7-7161-4908-B661-083E65FFE4BA}.Release|Any CPU.Build.0 = Release|Any CPU
		{A310D705-8F87-4140-881A-2C3B03429770}.Debug|Any CPU.ActiveCfg = Debug|Any CPU
		{A310D705-8F87-4140-881A-2C3B03429770}.Debug|Any CPU.Build.0 = Debug|Any CPU
		{A310D705-8F87-4140-881A-2C3B03429770}.Release|Any CPU.ActiveCfg = Release|Any CPU
		{A310D705-8F87-4140-881A-2C3B03429770}.Release|Any CPU.Build.0 = Release|Any CPU
		{C384CF9E-5F08-4931-9DC1-051430C89DE3}.Debug|Any CPU.ActiveCfg = Debug|Any CPU
		{C384CF9E-5F08-4931-9DC1-051430C89DE3}.Debug|Any CPU.Build.0 = Debug|Any CPU
		{C384CF9E-5F08-4931-9DC1-051430C89DE3}.Release|Any CPU.ActiveCfg = Release|Any CPU
		{C384CF9E-5F08-4931-9DC1-051430C89DE3}.Release|Any CPU.Build.0 = Release|Any CPU
		{7491371D-37BE-419D-A63B-7C55E10597CE}.Debug|Any CPU.ActiveCfg = Debug|Any CPU
		{7491371D-37BE-419D-A63B-7C55E10597CE}.Debug|Any CPU.Build.0 = Debug|Any CPU
		{7491371D-37BE-419D-A63B-7C55E10597CE}.Release|Any CPU.ActiveCfg = Release|Any CPU
		{7491371D-37BE-419D-A63B-7C55E10597CE}.Release|Any CPU.Build.0 = Release|Any CPU
		{1634CBFA-ABB7-4EC1-A794-A48B221AE34E}.Debug|Any CPU.ActiveCfg = Debug|Any CPU
		{1634CBFA-ABB7-4EC1-A794-A48B221AE34E}.Debug|Any CPU.Build.0 = Debug|Any CPU
		{1634CBFA-ABB7-4EC1-A794-A48B221AE34E}.Release|Any CPU.ActiveCfg = Release|Any CPU
		{1634CBFA-ABB7-4EC1-A794-A48B221AE34E}.Release|Any CPU.Build.0 = Release|Any CPU
		{191F1CB8-4990-4314-9B85-F2F89F8FB221}.Debug|Any CPU.ActiveCfg = Debug|Any CPU
		{191F1CB8-4990-4314-9B85-F2F89F8FB221}.Debug|Any CPU.Build.0 = Debug|Any CPU
		{191F1CB8-4990-4314-9B85-F2F89F8FB221}.Release|Any CPU.ActiveCfg = Release|Any CPU
		{191F1CB8-4990-4314-9B85-F2F89F8FB221}.Release|Any CPU.Build.0 = Release|Any CPU
		{F27DFE2C-2F0C-4030-9FF8-F56EF696CB0F}.Debug|Any CPU.ActiveCfg = Debug|Any CPU
		{F27DFE2C-2F0C-4030-9FF8-F56EF696CB0F}.Debug|Any CPU.Build.0 = Debug|Any CPU
		{F27DFE2C-2F0C-4030-9FF8-F56EF696CB0F}.Release|Any CPU.ActiveCfg = Release|Any CPU
		{F27DFE2C-2F0C-4030-9FF8-F56EF696CB0F}.Release|Any CPU.Build.0 = Release|Any CPU
		{7877369D-7367-474B-874F-84B54A190651}.Debug|Any CPU.ActiveCfg = Debug|Any CPU
		{7877369D-7367-474B-874F-84B54A190651}.Debug|Any CPU.Build.0 = Debug|Any CPU
		{7877369D-7367-474B-874F-84B54A190651}.Release|Any CPU.ActiveCfg = Release|Any CPU
		{7877369D-7367-474B-874F-84B54A190651}.Release|Any CPU.Build.0 = Release|Any CPU
		{DD9265AF-FF4E-4B41-9F13-27FF6FBCFF39}.Debug|Any CPU.ActiveCfg = Debug|Any CPU
		{DD9265AF-FF4E-4B41-9F13-27FF6FBCFF39}.Debug|Any CPU.Build.0 = Debug|Any CPU
		{DD9265AF-FF4E-4B41-9F13-27FF6FBCFF39}.Release|Any CPU.ActiveCfg = Release|Any CPU
		{DD9265AF-FF4E-4B41-9F13-27FF6FBCFF39}.Release|Any CPU.Build.0 = Release|Any CPU
		{CF9293BD-49EE-4C5C-901A-3BBA651473AD}.Debug|Any CPU.ActiveCfg = Debug|Any CPU
		{CF9293BD-49EE-4C5C-901A-3BBA651473AD}.Debug|Any CPU.Build.0 = Debug|Any CPU
		{CF9293BD-49EE-4C5C-901A-3BBA651473AD}.Release|Any CPU.ActiveCfg = Release|Any CPU
		{CF9293BD-49EE-4C5C-901A-3BBA651473AD}.Release|Any CPU.Build.0 = Release|Any CPU
		{F13937DE-A510-4276-A858-4814EF89C8A3}.Debug|Any CPU.ActiveCfg = Debug|Any CPU
		{F13937DE-A510-4276-A858-4814EF89C8A3}.Debug|Any CPU.Build.0 = Debug|Any CPU
		{F13937DE-A510-4276-A858-4814EF89C8A3}.Release|Any CPU.ActiveCfg = Release|Any CPU
		{F13937DE-A510-4276-A858-4814EF89C8A3}.Release|Any CPU.Build.0 = Release|Any CPU
		{28B797B2-9EF8-4BD9-9F2D-09DFD48D3431}.Debug|Any CPU.ActiveCfg = Debug|x86
		{28B797B2-9EF8-4BD9-9F2D-09DFD48D3431}.Debug|Any CPU.Build.0 = Debug|x86
		{28B797B2-9EF8-4BD9-9F2D-09DFD48D3431}.Release|Any CPU.ActiveCfg = Release|x86
		{28B797B2-9EF8-4BD9-9F2D-09DFD48D3431}.Release|Any CPU.Build.0 = Release|x86
		{55611F65-56C6-43DF-8A34-32F232C67DC8}.Debug|Any CPU.ActiveCfg = Debug|Any CPU
		{55611F65-56C6-43DF-8A34-32F232C67DC8}.Debug|Any CPU.Build.0 = Debug|Any CPU
		{55611F65-56C6-43DF-8A34-32F232C67DC8}.Release|Any CPU.ActiveCfg = Release|Any CPU
		{55611F65-56C6-43DF-8A34-32F232C67DC8}.Release|Any CPU.Build.0 = Release|Any CPU
		{CE35FE32-E744-4656-9BFB-BECFCFCD35D5}.Debug|Any CPU.ActiveCfg = Debug|Any CPU
		{CE35FE32-E744-4656-9BFB-BECFCFCD35D5}.Debug|Any CPU.Build.0 = Debug|Any CPU
		{CE35FE32-E744-4656-9BFB-BECFCFCD35D5}.Release|Any CPU.ActiveCfg = Release|Any CPU
		{CE35FE32-E744-4656-9BFB-BECFCFCD35D5}.Release|Any CPU.Build.0 = Release|Any CPU
		{EBBCEB55-E218-4A8B-B68E-6B6D18B5BD2E}.Debug|Any CPU.ActiveCfg = Debug|Any CPU
		{EBBCEB55-E218-4A8B-B68E-6B6D18B5BD2E}.Debug|Any CPU.Build.0 = Debug|Any CPU
		{EBBCEB55-E218-4A8B-B68E-6B6D18B5BD2E}.Release|Any CPU.ActiveCfg = Release|Any CPU
		{EBBCEB55-E218-4A8B-B68E-6B6D18B5BD2E}.Release|Any CPU.Build.0 = Release|Any CPU
		{D049B27C-4B20-47F8-9428-E2031C2EC679}.Debug|Any CPU.ActiveCfg = Debug|Any CPU
		{D049B27C-4B20-47F8-9428-E2031C2EC679}.Debug|Any CPU.Build.0 = Debug|Any CPU
		{D049B27C-4B20-47F8-9428-E2031C2EC679}.Release|Any CPU.ActiveCfg = Release|Any CPU
		{D049B27C-4B20-47F8-9428-E2031C2EC679}.Release|Any CPU.Build.0 = Release|Any CPU
		{6E4D669C-8933-4FD9-8128-3B5F4218F4FE}.Debug|Any CPU.ActiveCfg = Debug|Any CPU
		{6E4D669C-8933-4FD9-8128-3B5F4218F4FE}.Debug|Any CPU.Build.0 = Debug|Any CPU
		{6E4D669C-8933-4FD9-8128-3B5F4218F4FE}.Release|Any CPU.ActiveCfg = Release|Any CPU
		{6E4D669C-8933-4FD9-8128-3B5F4218F4FE}.Release|Any CPU.Build.0 = Release|Any CPU
		{2C2D0528-E08A-411B-B119-54E7125156D5}.Debug|Any CPU.ActiveCfg = Debug|Any CPU
		{2C2D0528-E08A-411B-B119-54E7125156D5}.Debug|Any CPU.Build.0 = Debug|Any CPU
		{2C2D0528-E08A-411B-B119-54E7125156D5}.Release|Any CPU.ActiveCfg = Release|Any CPU
		{2C2D0528-E08A-411B-B119-54E7125156D5}.Release|Any CPU.Build.0 = Release|Any CPU
		{FFDABD5D-7B25-423A-9B09-1F499F347F65}.Debug|Any CPU.ActiveCfg = Debug|Any CPU
		{FFDABD5D-7B25-423A-9B09-1F499F347F65}.Debug|Any CPU.Build.0 = Debug|Any CPU
		{FFDABD5D-7B25-423A-9B09-1F499F347F65}.Release|Any CPU.ActiveCfg = Release|Any CPU
		{FFDABD5D-7B25-423A-9B09-1F499F347F65}.Release|Any CPU.Build.0 = Release|Any CPU
		{FBA80F8A-7A6E-4F13-A3A5-6BC9559C45C4}.Debug|Any CPU.ActiveCfg = Debug|Any CPU
		{FBA80F8A-7A6E-4F13-A3A5-6BC9559C45C4}.Debug|Any CPU.Build.0 = Debug|Any CPU
		{FBA80F8A-7A6E-4F13-A3A5-6BC9559C45C4}.Release|Any CPU.ActiveCfg = Release|Any CPU
		{FBA80F8A-7A6E-4F13-A3A5-6BC9559C45C4}.Release|Any CPU.Build.0 = Release|Any CPU
		{B9534202-4FF4-4076-AE07-9D85AF3E634F}.Debug|Any CPU.ActiveCfg = Debug|Any CPU
		{B9534202-4FF4-4076-AE07-9D85AF3E634F}.Debug|Any CPU.Build.0 = Debug|Any CPU
		{B9534202-4FF4-4076-AE07-9D85AF3E634F}.Release|Any CPU.ActiveCfg = Release|Any CPU
		{B9534202-4FF4-4076-AE07-9D85AF3E634F}.Release|Any CPU.Build.0 = Release|Any CPU
		{C7F6521D-7A2C-46B7-B510-813B60816995}.Debug|Any CPU.ActiveCfg = Debug|Any CPU
		{C7F6521D-7A2C-46B7-B510-813B60816995}.Debug|Any CPU.Build.0 = Debug|Any CPU
		{C7F6521D-7A2C-46B7-B510-813B60816995}.Release|Any CPU.ActiveCfg = Release|Any CPU
		{C7F6521D-7A2C-46B7-B510-813B60816995}.Release|Any CPU.Build.0 = Release|Any CPU
		{213FD554-2CD1-4288-B73E-6BA1A2A910CD}.Debug|Any CPU.ActiveCfg = Debug|Any CPU
		{213FD554-2CD1-4288-B73E-6BA1A2A910CD}.Debug|Any CPU.Build.0 = Debug|Any CPU
		{213FD554-2CD1-4288-B73E-6BA1A2A910CD}.Release|Any CPU.ActiveCfg = Release|Any CPU
		{213FD554-2CD1-4288-B73E-6BA1A2A910CD}.Release|Any CPU.Build.0 = Release|Any CPU
		{32DBB78E-AB67-410D-AE27-FAB42A43AB0B}.Debug|Any CPU.ActiveCfg = Debug|Any CPU
		{32DBB78E-AB67-410D-AE27-FAB42A43AB0B}.Debug|Any CPU.Build.0 = Debug|Any CPU
		{32DBB78E-AB67-410D-AE27-FAB42A43AB0B}.Release|Any CPU.ActiveCfg = Release|Any CPU
		{32DBB78E-AB67-410D-AE27-FAB42A43AB0B}.Release|Any CPU.Build.0 = Release|Any CPU
		{6236E25D-EC6E-4608-ACD5-2C911344EF79}.Debug|Any CPU.ActiveCfg = Debug|Any CPU
		{6236E25D-EC6E-4608-ACD5-2C911344EF79}.Debug|Any CPU.Build.0 = Debug|Any CPU
		{6236E25D-EC6E-4608-ACD5-2C911344EF79}.Release|Any CPU.ActiveCfg = Release|Any CPU
		{6236E25D-EC6E-4608-ACD5-2C911344EF79}.Release|Any CPU.Build.0 = Release|Any CPU
		{973653F2-A8AE-4320-BEC9-DBAD65D69F22}.Debug|Any CPU.ActiveCfg = Debug|Any CPU
		{973653F2-A8AE-4320-BEC9-DBAD65D69F22}.Debug|Any CPU.Build.0 = Debug|Any CPU
		{973653F2-A8AE-4320-BEC9-DBAD65D69F22}.Release|Any CPU.ActiveCfg = Release|Any CPU
		{973653F2-A8AE-4320-BEC9-DBAD65D69F22}.Release|Any CPU.Build.0 = Release|Any CPU
		{2E90CEA0-D0C8-4377-AD5C-E9FAD2545698}.Debug|Any CPU.ActiveCfg = Debug|Any CPU
		{2E90CEA0-D0C8-4377-AD5C-E9FAD2545698}.Debug|Any CPU.Build.0 = Debug|Any CPU
		{2E90CEA0-D0C8-4377-AD5C-E9FAD2545698}.Release|Any CPU.ActiveCfg = Release|Any CPU
		{2E90CEA0-D0C8-4377-AD5C-E9FAD2545698}.Release|Any CPU.Build.0 = Release|Any CPU
		{7296578D-0A5E-4F91-AD62-0AC8F5B6DF27}.Debug|Any CPU.ActiveCfg = Debug|Any CPU
		{7296578D-0A5E-4F91-AD62-0AC8F5B6DF27}.Debug|Any CPU.Build.0 = Debug|Any CPU
		{7296578D-0A5E-4F91-AD62-0AC8F5B6DF27}.Release|Any CPU.ActiveCfg = Release|Any CPU
		{7296578D-0A5E-4F91-AD62-0AC8F5B6DF27}.Release|Any CPU.Build.0 = Release|Any CPU
		{E1CA3FA4-E346-488D-B565-32A9CF9C2266}.Debug|Any CPU.ActiveCfg = Debug|Any CPU
		{E1CA3FA4-E346-488D-B565-32A9CF9C2266}.Debug|Any CPU.Build.0 = Debug|Any CPU
		{E1CA3FA4-E346-488D-B565-32A9CF9C2266}.Release|Any CPU.ActiveCfg = Release|Any CPU
		{E1CA3FA4-E346-488D-B565-32A9CF9C2266}.Release|Any CPU.Build.0 = Release|Any CPU
		{BB6B5C4B-1760-46E3-B399-A936A757BC81}.Debug|Any CPU.ActiveCfg = Debug|Any CPU
		{BB6B5C4B-1760-46E3-B399-A936A757BC81}.Debug|Any CPU.Build.0 = Debug|Any CPU
		{BB6B5C4B-1760-46E3-B399-A936A757BC81}.Release|Any CPU.ActiveCfg = Release|Any CPU
		{BB6B5C4B-1760-46E3-B399-A936A757BC81}.Release|Any CPU.Build.0 = Release|Any CPU
		{F4CB0181-B085-403B-B09E-067C0723B76A}.Debug|Any CPU.ActiveCfg = Debug|Any CPU
		{F4CB0181-B085-403B-B09E-067C0723B76A}.Debug|Any CPU.Build.0 = Debug|Any CPU
		{F4CB0181-B085-403B-B09E-067C0723B76A}.Release|Any CPU.ActiveCfg = Release|Any CPU
		{F4CB0181-B085-403B-B09E-067C0723B76A}.Release|Any CPU.Build.0 = Release|Any CPU
		{C5268CC1-CE78-455F-B779-DC54313E4C18}.Debug|Any CPU.ActiveCfg = Debug|Any CPU
		{C5268CC1-CE78-455F-B779-DC54313E4C18}.Debug|Any CPU.Build.0 = Debug|Any CPU
		{C5268CC1-CE78-455F-B779-DC54313E4C18}.Release|Any CPU.ActiveCfg = Release|Any CPU
		{C5268CC1-CE78-455F-B779-DC54313E4C18}.Release|Any CPU.Build.0 = Release|Any CPU
		{F8898E15-C7C2-43EE-9DD9-E9A5AB952C71}.Debug|Any CPU.ActiveCfg = Debug|Any CPU
		{F8898E15-C7C2-43EE-9DD9-E9A5AB952C71}.Debug|Any CPU.Build.0 = Debug|Any CPU
		{F8898E15-C7C2-43EE-9DD9-E9A5AB952C71}.Release|Any CPU.ActiveCfg = Release|Any CPU
		{F8898E15-C7C2-43EE-9DD9-E9A5AB952C71}.Release|Any CPU.Build.0 = Release|Any CPU
		{8CACE1D3-4DED-4E2C-96A8-FD74337D242F}.Debug|Any CPU.ActiveCfg = Debug|Any CPU
		{8CACE1D3-4DED-4E2C-96A8-FD74337D242F}.Debug|Any CPU.Build.0 = Debug|Any CPU
		{8CACE1D3-4DED-4E2C-96A8-FD74337D242F}.Release|Any CPU.ActiveCfg = Release|Any CPU
		{8CACE1D3-4DED-4E2C-96A8-FD74337D242F}.Release|Any CPU.Build.0 = Release|Any CPU
		{A629C402-D749-4961-A402-03B4E2D2FF9A}.Debug|Any CPU.ActiveCfg = Debug|Any CPU
		{A629C402-D749-4961-A402-03B4E2D2FF9A}.Debug|Any CPU.Build.0 = Debug|Any CPU
		{A629C402-D749-4961-A402-03B4E2D2FF9A}.Release|Any CPU.ActiveCfg = Release|Any CPU
		{A629C402-D749-4961-A402-03B4E2D2FF9A}.Release|Any CPU.Build.0 = Release|Any CPU
		{73E3E052-A443-4ABD-97EC-7BEDDE353ECF}.Debug|Any CPU.ActiveCfg = Debug|Any CPU
		{73E3E052-A443-4ABD-97EC-7BEDDE353ECF}.Debug|Any CPU.Build.0 = Debug|Any CPU
		{73E3E052-A443-4ABD-97EC-7BEDDE353ECF}.Release|Any CPU.ActiveCfg = Release|Any CPU
		{73E3E052-A443-4ABD-97EC-7BEDDE353ECF}.Release|Any CPU.Build.0 = Release|Any CPU
		{503B75D6-271A-4F38-972F-61F4F7325A74}.Debug|Any CPU.ActiveCfg = Debug|Any CPU
		{503B75D6-271A-4F38-972F-61F4F7325A74}.Debug|Any CPU.Build.0 = Debug|Any CPU
		{503B75D6-271A-4F38-972F-61F4F7325A74}.Release|Any CPU.ActiveCfg = Release|Any CPU
		{503B75D6-271A-4F38-972F-61F4F7325A74}.Release|Any CPU.Build.0 = Release|Any CPU
	EndGlobalSection
	GlobalSection(SolutionProperties) = preSolution
		HideSolutionNode = FALSE
	EndGlobalSection
	GlobalSection(NestedProjects) = preSolution
		{B7EEF213-995A-4E93-B72C-117D7AF03D08} = {FC3CF8BF-3BC9-48DB-BECB-75D119A28C44}
		{76AD3A42-B7AE-44DD-8525-BA6F3A787B5E} = {FC3CF8BF-3BC9-48DB-BECB-75D119A28C44}
		{DF750758-A1BF-469C-9C32-3DFE0FD18BCA} = {9D5DFFC4-0219-4DF4-9011-1B656791DC59}
		{CB7B0A70-F18E-457B-B121-EDD48A174F12} = {9D5DFFC4-0219-4DF4-9011-1B656791DC59}
		{CD07F51D-E4DA-4544-8E7C-6EC066DAFFE3} = {9D5DFFC4-0219-4DF4-9011-1B656791DC59}
		{C7111C94-9971-476D-A8EE-14A32548C921} = {9D5DFFC4-0219-4DF4-9011-1B656791DC59}
		{3DD0B248-CEAF-4220-A260-3FB311BA02D0} = {A945145E-EFB2-4257-8ED9-B0A66806C910}
		{4069F9DA-2135-43ED-B3F2-EC2E408629A2} = {9D5DFFC4-0219-4DF4-9011-1B656791DC59}
		{5E247159-FD6C-4C19-96C5-0E1D4CA18458} = {FC3CF8BF-3BC9-48DB-BECB-75D119A28C44}
		{0A4A6E93-BC6F-474E-87C8-69B2D70048F9} = {FC3CF8BF-3BC9-48DB-BECB-75D119A28C44}
		{A5FF2279-F956-4C9D-8BE7-17E9D376035A} = {FC3CF8BF-3BC9-48DB-BECB-75D119A28C44}
		{6F028DE3-FB75-4411-A980-F77AFC8BD18B} = {FC3CF8BF-3BC9-48DB-BECB-75D119A28C44}
		{EB5B3C4D-4ED8-4C70-90B8-105817170145} = {FC3CF8BF-3BC9-48DB-BECB-75D119A28C44}
		{236A5B57-9141-441E-8819-2B19D6B1BEAF} = {FC3CF8BF-3BC9-48DB-BECB-75D119A28C44}
		{9649A0C3-0B16-4E53-A65E-3813874FE81F} = {7CD29E40-8AE3-4BA0-9D6A-158D5202E4B2}
		{8AD446FC-E21F-4AE8-BDC7-FC0CC670EB29} = {FC3CF8BF-3BC9-48DB-BECB-75D119A28C44}
		{38360F62-7EFA-40E8-90CA-761424EC393E} = {9D5DFFC4-0219-4DF4-9011-1B656791DC59}
		{6170F44F-D0B0-4103-BF39-7AB2B5E780FF} = {9D5DFFC4-0219-4DF4-9011-1B656791DC59}
		{1D881ECA-9039-4E11-809F-4D1ADBDE64FD} = {A945145E-EFB2-4257-8ED9-B0A66806C910}
		{2CAFA786-9343-4C45-9796-4729CAF07996} = {7CD29E40-8AE3-4BA0-9D6A-158D5202E4B2}
		{97C3CE85-C6DF-44F4-935E-1359C7F307EF} = {FC3CF8BF-3BC9-48DB-BECB-75D119A28C44}
		{68E8B2D9-8F4F-48DD-B25F-7A4222F770CC} = {F9EA50E0-B5A7-4540-AC00-4806F07792E4}
		{A21C5332-3694-4B67-9B1B-B631BA53CBB7} = {F6282C65-E991-4306-B0C2-74666F0C5405}
		{BF7567D3-39B7-42A3-A600-19FF80967287} = {F6282C65-E991-4306-B0C2-74666F0C5405}
		{20CAB3BF-5DCD-4DE0-BBE0-89C9E709D9A4} = {2C66E4E0-A9EF-4E44-8D4A-F43A3F512410}
		{DC0AE17B-F5AF-443F-977F-8E8DD96A1DEB} = {20CAB3BF-5DCD-4DE0-BBE0-89C9E709D9A4}
		{F6282C65-E991-4306-B0C2-74666F0C5405} = {2C66E4E0-A9EF-4E44-8D4A-F43A3F512410}
		{1C9CA2C1-C224-4075-BF6C-3D73623754C8} = {A945145E-EFB2-4257-8ED9-B0A66806C910}
		{11095BDC-EE70-40F4-92B5-7CF92859BA35} = {A945145E-EFB2-4257-8ED9-B0A66806C910}
		{38D6B259-E0E5-4F70-951F-70BF5BAFA405} = {A945145E-EFB2-4257-8ED9-B0A66806C910}
		{7840E327-FCD1-424D-9B12-48F4575EEF83} = {A945145E-EFB2-4257-8ED9-B0A66806C910}
		{F1E65C5C-4E2A-4F6D-97F0-97767EA8FB7C} = {A945145E-EFB2-4257-8ED9-B0A66806C910}
		{94ADFAA1-4CA6-475E-B1F4-A9577A52EA10} = {A10A8DCB-D2D1-4525-AB9A-654FC5E08BE0}
		{8CEDECE9-0EE0-4548-AAE9-CCB1A05AD917} = {F9EA50E0-B5A7-4540-AC00-4806F07792E4}
		{66C2085F-A6EE-4026-9333-DA51B0192F43} = {F9EA50E0-B5A7-4540-AC00-4806F07792E4}
		{F7984C7A-84E6-4F3F-B1C4-D92259A076CA} = {7CD29E40-8AE3-4BA0-9D6A-158D5202E4B2}
		{4FE3E857-7175-48AA-9D2B-05BE536A358E} = {FC3CF8BF-3BC9-48DB-BECB-75D119A28C44}
		{ECDAF199-946B-4226-A8DC-915D0ACA2BB9} = {FC3CF8BF-3BC9-48DB-BECB-75D119A28C44}
		{8AF4465F-0F4A-4261-9CB6-0E9C1703D5A4} = {A10A8DCB-D2D1-4525-AB9A-654FC5E08BE0}
		{734D60C7-7161-4908-B661-083E65FFE4BA} = {7CD29E40-8AE3-4BA0-9D6A-158D5202E4B2}
		{A310D705-8F87-4140-881A-2C3B03429770} = {FC3CF8BF-3BC9-48DB-BECB-75D119A28C44}
		{C384CF9E-5F08-4931-9DC1-051430C89DE3} = {9D5DFFC4-0219-4DF4-9011-1B656791DC59}
		{7491371D-37BE-419D-A63B-7C55E10597CE} = {9D5DFFC4-0219-4DF4-9011-1B656791DC59}
		{1634CBFA-ABB7-4EC1-A794-A48B221AE34E} = {9D5DFFC4-0219-4DF4-9011-1B656791DC59}
		{191F1CB8-4990-4314-9B85-F2F89F8FB221} = {DE91D4E8-AAFC-4217-B54A-D3171B090E03}
		{F27DFE2C-2F0C-4030-9FF8-F56EF696CB0F} = {DE91D4E8-AAFC-4217-B54A-D3171B090E03}
		{7877369D-7367-474B-874F-84B54A190651} = {FC3CF8BF-3BC9-48DB-BECB-75D119A28C44}
		{DD9265AF-FF4E-4B41-9F13-27FF6FBCFF39} = {191E7C60-2FF2-4100-BEB9-3E80769A77DC}
		{CF9293BD-49EE-4C5C-901A-3BBA651473AD} = {2A1578BB-43E2-4DC3-8CB0-9889A6537820}
		{A4009568-4C83-4B7C-A280-84413BD2FB96} = {66A3599C-E989-4D7C-8347-A752643B4A63}
		{F13937DE-A510-4276-A858-4814EF89C8A3} = {A4009568-4C83-4B7C-A280-84413BD2FB96}
		{2A1578BB-43E2-4DC3-8CB0-9889A6537820} = {66A3599C-E989-4D7C-8347-A752643B4A63}
		{28B797B2-9EF8-4BD9-9F2D-09DFD48D3431} = {2A1578BB-43E2-4DC3-8CB0-9889A6537820}
		{87CC9458-C3B1-47A9-B351-7EC3AC6ABA71} = {A10A8DCB-D2D1-4525-AB9A-654FC5E08BE0}
		{55611F65-56C6-43DF-8A34-32F232C67DC8} = {01D44415-A6CC-4417-A87C-288ABA0F8DAE}
		{CE35FE32-E744-4656-9BFB-BECFCFCD35D5} = {B3874DE6-A865-43E1-803E-1B6979EA0473}
		{EBBCEB55-E218-4A8B-B68E-6B6D18B5BD2E} = {B3874DE6-A865-43E1-803E-1B6979EA0473}
		{D049B27C-4B20-47F8-9428-E2031C2EC679} = {6BFD6CD0-B9F2-4E55-A8C7-F8871600F7AC}
		{6E4D669C-8933-4FD9-8128-3B5F4218F4FE} = {6BFD6CD0-B9F2-4E55-A8C7-F8871600F7AC}
		{2C2D0528-E08A-411B-B119-54E7125156D5} = {01D44415-A6CC-4417-A87C-288ABA0F8DAE}
		{FFDABD5D-7B25-423A-9B09-1F499F347F65} = {01D44415-A6CC-4417-A87C-288ABA0F8DAE}
		{B6CB3E0D-0BFB-42F9-9B60-36122B847007} = {A10A8DCB-D2D1-4525-AB9A-654FC5E08BE0}
		{FBA80F8A-7A6E-4F13-A3A5-6BC9559C45C4} = {B6CB3E0D-0BFB-42F9-9B60-36122B847007}
		{B9534202-4FF4-4076-AE07-9D85AF3E634F} = {B6CB3E0D-0BFB-42F9-9B60-36122B847007}
		{01D44415-A6CC-4417-A87C-288ABA0F8DAE} = {87CC9458-C3B1-47A9-B351-7EC3AC6ABA71}
		{B3874DE6-A865-43E1-803E-1B6979EA0473} = {A10A8DCB-D2D1-4525-AB9A-654FC5E08BE0}
		{6BFD6CD0-B9F2-4E55-A8C7-F8871600F7AC} = {87CC9458-C3B1-47A9-B351-7EC3AC6ABA71}
		{C7F6521D-7A2C-46B7-B510-813B60816995} = {6BFD6CD0-B9F2-4E55-A8C7-F8871600F7AC}
		{213FD554-2CD1-4288-B73E-6BA1A2A910CD} = {B6CB3E0D-0BFB-42F9-9B60-36122B847007}
		{32DBB78E-AB67-410D-AE27-FAB42A43AB0B} = {B6CB3E0D-0BFB-42F9-9B60-36122B847007}
		{6236E25D-EC6E-4608-ACD5-2C911344EF79} = {B6CB3E0D-0BFB-42F9-9B60-36122B847007}
		{973653F2-A8AE-4320-BEC9-DBAD65D69F22} = {AE1A5662-EA79-4397-918B-36C4E9DCA1F8}
		{2E90CEA0-D0C8-4377-AD5C-E9FAD2545698} = {AE1A5662-EA79-4397-918B-36C4E9DCA1F8}
		{954C8CD6-FD49-4135-A517-BFD9A4C2580A} = {66A3599C-E989-4D7C-8347-A752643B4A63}
		{7296578D-0A5E-4F91-AD62-0AC8F5B6DF27} = {954C8CD6-FD49-4135-A517-BFD9A4C2580A}
		{C3D34180-765D-4DE3-AE0F-3450DA55A080} = {66A3599C-E989-4D7C-8347-A752643B4A63}
		{BB6B5C4B-1760-46E3-B399-A936A757BC81} = {C3D34180-765D-4DE3-AE0F-3450DA55A080}
		{F4CB0181-B085-403B-B09E-067C0723B76A} = {C3D34180-765D-4DE3-AE0F-3450DA55A080}
		{DE91D4E8-AAFC-4217-B54A-D3171B090E03} = {66A3599C-E989-4D7C-8347-A752643B4A63}
		{191E7C60-2FF2-4100-BEB9-3E80769A77DC} = {66A3599C-E989-4D7C-8347-A752643B4A63}
		{C5268CC1-CE78-455F-B779-DC54313E4C18} = {66A3599C-E989-4D7C-8347-A752643B4A63}
		{F8898E15-C7C2-43EE-9DD9-E9A5AB952C71} = {9D5DFFC4-0219-4DF4-9011-1B656791DC59}
		{8CACE1D3-4DED-4E2C-96A8-FD74337D242F} = {66A3599C-E989-4D7C-8347-A752643B4A63}
		{A629C402-D749-4961-A402-03B4E2D2FF9A} = {66A3599C-E989-4D7C-8347-A752643B4A63}
		{73E3E052-A443-4ABD-97EC-7BEDDE353ECF} = {441D2628-A4C2-40F2-A979-4AFFFAB2465F}
		{503B75D6-271A-4F38-972F-61F4F7325A74} = {441D2628-A4C2-40F2-A979-4AFFFAB2465F}
	EndGlobalSection
	GlobalSection(ExtensibilityGlobals) = postSolution
		SolutionGuid = {7F928BCC-1965-4DFB-92DE-E8D14D612E5C}
	EndGlobalSection
EndGlobal
