
Microsoft Visual Studio Solution File, Format Version 12.00
Project("{FAE04EC0-301F-11D3-BF4B-00C04F79EFBC}") = "BrushViewer", "BrushViewer\BrushViewer.csproj", "{891129ED-39F3-43D5-A4D5-A47B82570537}"
EndProject
Global
	GlobalSection(SolutionConfigurationPlatforms) = preSolution
		Debug|Any CPU = Debug|Any CPU
		Release|Any CPU = Release|Any CPU
	EndGlobalSection
	GlobalSection(ProjectConfigurationPlatforms) = postSolution
		{891129ED-39F3-43D5-A4D5-A47B82570537}.Debug|Any CPU.ActiveCfg = Debug|Any CPU
		{891129ED-39F3-43D5-A4D5-A47B82570537}.Debug|Any CPU.Build.0 = Debug|Any CPU
		{891129ED-39F3-43D5-A4D5-A47B82570537}.Release|Any CPU.ActiveCfg = Release|Any CPU
		{891129ED-39F3-43D5-A4D5-A47B82570537}.Release|Any CPU.Build.0 = Release|Any CPU
	EndGlobalSection
EndGlobal
