
Microsoft Visual Studio Solution File, Format Version 12.00
Project("{FAE04EC0-301F-11D3-BF4B-00C04F79EFBC}") = "SyncfusionGridControl", "SyncfusionGridControl\SyncfusionGridControl.csproj", "{CF9293BD-49EE-4C5C-901A-3BBA651473AD}"
EndProject
Global
	GlobalSection(SolutionConfigurationPlatforms) = preSolution
		Debug|Any CPU = Debug|Any CPU
		Release|Any CPU = Release|Any CPU
	EndGlobalSection
	GlobalSection(ProjectConfigurationPlatforms) = postSolution
		{CF9293BD-49EE-4C5C-901A-3BBA651473AD}.Debug|Any CPU.ActiveCfg = Debug|Any CPU
		{CF9293BD-49EE-4C5C-901A-3BBA651473AD}.Debug|Any CPU.Build.0 = Debug|Any CPU
		{CF9293BD-49EE-4C5C-901A-3BBA651473AD}.Release|Any CPU.ActiveCfg = Release|Any CPU
		{CF9293BD-49EE-4C5C-901A-3BBA651473AD}.Release|Any CPU.Build.0 = Release|Any CPU
	EndGlobalSection
EndGlobal
