
Microsoft Visual Studio Solution File, Format Version 12.00
# Visual Studio 2012
Project("{FAE04EC0-301F-11D3-BF4B-00C04F79EFBC}") = "Syncfusion.Themes.Office2019Colorful_Kite.WPF_2012", "Syncfusion.Themes.Office2019Colorful_Kite.WPF_2012.csproj", "{b84b5171-00c5-4ae5-8872-753ff3c5cbf9}"
EndProject
Global
	GlobalSection(SolutionConfigurationPlatforms) = preSolution
		Debug|Any CPU = Debug|Any CPU
		Debug-Xml|Any CPU = Debug-Xml|Any CPU
		Release|Any CPU = Release|Any CPU
		Release-Xml|Any CPU = Release-Xml|Any CPU
	EndGlobalSection
	GlobalSection(ProjectConfigurationPlatforms) = postSolution
		{b84b5171-00c5-4ae5-8872-753ff3c5cbf9}.Debug|Any CPU.ActiveCfg = Debug|Any CPU
		{b84b5171-00c5-4ae5-8872-753ff3c5cbf9}.Debug|Any CPU.Build.0 = Debug|Any CPU
		{b84b5171-00c5-4ae5-8872-753ff3c5cbf9}.Debug-Xml|Any CPU.ActiveCfg = Debug-Xml|Any CPU
		{b84b5171-00c5-4ae5-8872-753ff3c5cbf9}.Debug-Xml|Any CPU.Build.0 = Debug-Xml|Any CPU
		{b84b5171-00c5-4ae5-8872-753ff3c5cbf9}.Release|Any CPU.ActiveCfg = Release|Any CPU
		{b84b5171-00c5-4ae5-8872-753ff3c5cbf9}.Release|Any CPU.Build.0 = Release|Any CPU
		{b84b5171-00c5-4ae5-8872-753ff3c5cbf9}.Release-Xml|Any CPU.ActiveCfg = Release-Xml|Any CPU
		{b84b5171-00c5-4ae5-8872-753ff3c5cbf9}.Release-Xml|Any CPU.Build.0 = Release-Xml|Any CPU
	EndGlobalSection
	GlobalSection(SolutionProperties) = preSolution
		HideSolutionNode = FALSE
	EndGlobalSection
EndGlobal
