
Microsoft Visual Studio Solution File, Format Version 12.00
Project("{FAE04EC0-301F-11D3-BF4B-00C04F79EFBC}") = "Matika.3.Shell", "Matika.3.Shell\Matika.3.Shell.csproj", "{763A34F4-23A4-482D-803E-D0F05D57866F}"
EndProject
Project("{FAE04EC0-301F-11D3-BF4B-00C04F79EFBC}") = "Matika.3.Gui", "Matika.3.Gui\Matika.3.Gui.csproj", "{7575C623-2ADA-4CFB-8FF0-11F03224D860}"
EndProject
Project("{FAE04EC0-301F-11D3-BF4B-00C04F79EFBC}") = "Matika.3.Core", "Matika.3.Core\Matika.3.Core.csproj", "{F70F1702-F675-45B1-A990-B93C365B6CDA}"
EndProject
Project("{FAE04EC0-301F-11D3-BF4B-00C04F79EFBC}") = "Entities", "Entities\Entities.csproj", "{E55D6A62-6A3F-4273-B1ED-2044A8E16E9D}"
EndProject
Project("{FAE04EC0-301F-11D3-BF4B-00C04F79EFBC}") = "Common", "Common\Common.csproj", "{6833D5C2-57E1-4A3F-8D12-7019B06AD966}"
EndProject
Global
	GlobalSection(SolutionConfigurationPlatforms) = preSolution
		Debug|Any CPU = Debug|Any CPU
		Release|Any CPU = Release|Any CPU
	EndGlobalSection
	GlobalSection(ProjectConfigurationPlatforms) = postSolution
		{763A34F4-23A4-482D-803E-D0F05D57866F}.Debug|Any CPU.ActiveCfg = Debug|Any CPU
		{763A34F4-23A4-482D-803E-D0F05D57866F}.Debug|Any CPU.Build.0 = Debug|Any CPU
		{763A34F4-23A4-482D-803E-D0F05D57866F}.Release|Any CPU.ActiveCfg = Release|Any CPU
		{763A34F4-23A4-482D-803E-D0F05D57866F}.Release|Any CPU.Build.0 = Release|Any CPU
		{7575C623-2ADA-4CFB-8FF0-11F03224D860}.Debug|Any CPU.ActiveCfg = Debug|Any CPU
		{7575C623-2ADA-4CFB-8FF0-11F03224D860}.Debug|Any CPU.Build.0 = Debug|Any CPU
		{7575C623-2ADA-4CFB-8FF0-11F03224D860}.Release|Any CPU.ActiveCfg = Release|Any CPU
		{7575C623-2ADA-4CFB-8FF0-11F03224D860}.Release|Any CPU.Build.0 = Release|Any CPU
		{F70F1702-F675-45B1-A990-B93C365B6CDA}.Debug|Any CPU.ActiveCfg = Debug|Any CPU
		{F70F1702-F675-45B1-A990-B93C365B6CDA}.Debug|Any CPU.Build.0 = Debug|Any CPU
		{F70F1702-F675-45B1-A990-B93C365B6CDA}.Release|Any CPU.ActiveCfg = Release|Any CPU
		{F70F1702-F675-45B1-A990-B93C365B6CDA}.Release|Any CPU.Build.0 = Release|Any CPU
		{E55D6A62-6A3F-4273-B1ED-2044A8E16E9D}.Debug|Any CPU.ActiveCfg = Debug|Any CPU
		{E55D6A62-6A3F-4273-B1ED-2044A8E16E9D}.Debug|Any CPU.Build.0 = Debug|Any CPU
		{E55D6A62-6A3F-4273-B1ED-2044A8E16E9D}.Release|Any CPU.ActiveCfg = Release|Any CPU
		{E55D6A62-6A3F-4273-B1ED-2044A8E16E9D}.Release|Any CPU.Build.0 = Release|Any CPU
		{6833D5C2-57E1-4A3F-8D12-7019B06AD966}.Debug|Any CPU.ActiveCfg = Debug|Any CPU
		{6833D5C2-57E1-4A3F-8D12-7019B06AD966}.Debug|Any CPU.Build.0 = Debug|Any CPU
		{6833D5C2-57E1-4A3F-8D12-7019B06AD966}.Release|Any CPU.ActiveCfg = Release|Any CPU
		{6833D5C2-57E1-4A3F-8D12-7019B06AD966}.Release|Any CPU.Build.0 = Release|Any CPU
	EndGlobalSection
EndGlobal
