
Microsoft Visual Studio Solution File, Format Version 12.00
# Visual Studio Version 16
VisualStudioVersion = 16.0.31402.337
MinimumVisualStudioVersion = 10.0.40219.1
Project("{9A19103F-16F7-4668-BE54-9A1E7A4F7556}") = "TimeTrackerTutorial", "TimeTrackerTutorial\TimeTrackerTutorial\TimeTrackerTutorial.csproj", "{86968BE4-E919-49B8-8496-7677EB293D7F}"
EndProject
Project("{FAE04EC0-301F-11D3-BF4B-00C04F79EFBC}") = "TimeTrackerTutorial.Android", "TimeTrackerTutorial\TimeTrackerTutorial.Android\TimeTrackerTutorial.Android.csproj", "{032604C6-8383-4E1A-9983-EFDCE0D76D47}"
EndProject
Project("{FAE04EC0-301F-11D3-BF4B-00C04F79EFBC}") = "TimeTrackerTutorial.iOS", "TimeTrackerTutorial\TimeTrackerTutorial.iOS\TimeTrackerTutorial.iOS.csproj", "{4841C0B5-584E-4089-B07C-B56B9B27702B}"
EndProject
Project("{2150E333-8FDC-42A3-9474-1A3956D46DE8}") = "ToolTipDirectory", "ToolTipDirectory", "{F4298FDD-69F7-49B7-8D6A-B3E10D29670C}"
EndProject
Project("{FAE04EC0-301F-11D3-BF4B-00C04F79EFBC}") = "ToolTipSupportProject", "ToolTipSupportProject\ToolTipSupportProject\ToolTipSupportProject.csproj", "{2F2851E5-B13A-4030-8A9E-845D851A2176}"
EndProject
Project("{FAE04EC0-301F-11D3-BF4B-00C04F79EFBC}") = "ToolTipSupportProject.Android", "ToolTipSupportProject\ToolTipSupportProject.Android\ToolTipSupportProject.Android.csproj", "{13B28C43-B7DE-4C34-9D4F-B3894313C9ED}"
EndProject
Project("{FAE04EC0-301F-11D3-BF4B-00C04F79EFBC}") = "MultiSelectionPicker", "MultiSelectionPicker\MultiSelectionPicker\MultiSelectionPicker.csproj", "{4E5F5325-E0B5-49C3-ABDF-EA1DA1D22631}"
EndProject
Project("{FAE04EC0-301F-11D3-BF4B-00C04F79EFBC}") = "MultiSelectionPicker.Android", "MultiSelectionPicker\MultiSelectionPicker.Android\MultiSelectionPicker.Android.csproj", "{304B59E0-F92D-40A8-B084-0FCFFAA03DE2}"
EndProject
Project("{FAE04EC0-301F-11D3-BF4B-00C04F79EFBC}") = "MultiSelectionPicker.iOS", "MultiSelectionPicker\MultiSelectionPicker.iOS\MultiSelectionPicker.iOS.csproj", "{854CCCEF-72E5-439E-91D4-270C67B51C75}"
EndProject
Global
	GlobalSection(SolutionConfigurationPlatforms) = preSolution
		Ad-Hoc|Any CPU = Ad-Hoc|Any CPU
		Ad-Hoc|iPhone = Ad-Hoc|iPhone
		Ad-Hoc|iPhoneSimulator = Ad-Hoc|iPhoneSimulator
		AppStore|Any CPU = AppStore|Any CPU
		AppStore|iPhone = AppStore|iPhone
		AppStore|iPhoneSimulator = AppStore|iPhoneSimulator
		Debug|Any CPU = Debug|Any CPU
		Debug|iPhone = Debug|iPhone
		Debug|iPhoneSimulator = Debug|iPhoneSimulator
		Release|Any CPU = Release|Any CPU
		Release|iPhone = Release|iPhone
		Release|iPhoneSimulator = Release|iPhoneSimulator
	EndGlobalSection
	GlobalSection(ProjectConfigurationPlatforms) = postSolution
		{86968BE4-E919-49B8-8496-7677EB293D7F}.Ad-Hoc|Any CPU.ActiveCfg = Release|Any CPU
		{86968BE4-E919-49B8-8496-7677EB293D7F}.Ad-Hoc|Any CPU.Build.0 = Release|Any CPU
		{86968BE4-E919-49B8-8496-7677EB293D7F}.Ad-Hoc|iPhone.ActiveCfg = Debug|Any CPU
		{86968BE4-E919-49B8-8496-7677EB293D7F}.Ad-Hoc|iPhone.Build.0 = Debug|Any CPU
		{86968BE4-E919-49B8-8496-7677EB293D7F}.Ad-Hoc|iPhoneSimulator.ActiveCfg = Release|Any CPU
		{86968BE4-E919-49B8-8496-7677EB293D7F}.Ad-Hoc|iPhoneSimulator.Build.0 = Release|Any CPU
		{86968BE4-E919-49B8-8496-7677EB293D7F}.AppStore|Any CPU.ActiveCfg = Release|Any CPU
		{86968BE4-E919-49B8-8496-7677EB293D7F}.AppStore|Any CPU.Build.0 = Release|Any CPU
		{86968BE4-E919-49B8-8496-7677EB293D7F}.AppStore|iPhone.ActiveCfg = Debug|Any CPU
		{86968BE4-E919-49B8-8496-7677EB293D7F}.AppStore|iPhone.Build.0 = Debug|Any CPU
		{86968BE4-E919-49B8-8496-7677EB293D7F}.AppStore|iPhoneSimulator.ActiveCfg = Release|Any CPU
		{86968BE4-E919-49B8-8496-7677EB293D7F}.AppStore|iPhoneSimulator.Build.0 = Release|Any CPU
		{86968BE4-E919-49B8-8496-7677EB293D7F}.Debug|Any CPU.ActiveCfg = Debug|Any CPU
		{86968BE4-E919-49B8-8496-7677EB293D7F}.Debug|Any CPU.Build.0 = Debug|Any CPU
		{86968BE4-E919-49B8-8496-7677EB293D7F}.Debug|iPhone.ActiveCfg = Debug|Any CPU
		{86968BE4-E919-49B8-8496-7677EB293D7F}.Debug|iPhone.Build.0 = Debug|Any CPU
		{86968BE4-E919-49B8-8496-7677EB293D7F}.Debug|iPhoneSimulator.ActiveCfg = Debug|Any CPU
		{86968BE4-E919-49B8-8496-7677EB293D7F}.Debug|iPhoneSimulator.Build.0 = Debug|Any CPU
		{86968BE4-E919-49B8-8496-7677EB293D7F}.Release|Any CPU.ActiveCfg = Release|Any CPU
		{86968BE4-E919-49B8-8496-7677EB293D7F}.Release|Any CPU.Build.0 = Release|Any CPU
		{86968BE4-E919-49B8-8496-7677EB293D7F}.Release|iPhone.ActiveCfg = Release|Any CPU
		{86968BE4-E919-49B8-8496-7677EB293D7F}.Release|iPhone.Build.0 = Release|Any CPU
		{86968BE4-E919-49B8-8496-7677EB293D7F}.Release|iPhoneSimulator.ActiveCfg = Release|Any CPU
		{86968BE4-E919-49B8-8496-7677EB293D7F}.Release|iPhoneSimulator.Build.0 = Release|Any CPU
		{032604C6-8383-4E1A-9983-EFDCE0D76D47}.Ad-Hoc|Any CPU.ActiveCfg = Release|Any CPU
		{032604C6-8383-4E1A-9983-EFDCE0D76D47}.Ad-Hoc|Any CPU.Build.0 = Release|Any CPU
		{032604C6-8383-4E1A-9983-EFDCE0D76D47}.Ad-Hoc|Any CPU.Deploy.0 = Release|Any CPU
		{032604C6-8383-4E1A-9983-EFDCE0D76D47}.Ad-Hoc|iPhone.ActiveCfg = Debug|Any CPU
		{032604C6-8383-4E1A-9983-EFDCE0D76D47}.Ad-Hoc|iPhone.Build.0 = Debug|Any CPU
		{032604C6-8383-4E1A-9983-EFDCE0D76D47}.Ad-Hoc|iPhoneSimulator.ActiveCfg = Release|Any CPU
		{032604C6-8383-4E1A-9983-EFDCE0D76D47}.Ad-Hoc|iPhoneSimulator.Build.0 = Release|Any CPU
		{032604C6-8383-4E1A-9983-EFDCE0D76D47}.Ad-Hoc|iPhoneSimulator.Deploy.0 = Release|Any CPU
		{032604C6-8383-4E1A-9983-EFDCE0D76D47}.AppStore|Any CPU.ActiveCfg = Release|Any CPU
		{032604C6-8383-4E1A-9983-EFDCE0D76D47}.AppStore|Any CPU.Build.0 = Release|Any CPU
		{032604C6-8383-4E1A-9983-EFDCE0D76D47}.AppStore|Any CPU.Deploy.0 = Release|Any CPU
		{032604C6-8383-4E1A-9983-EFDCE0D76D47}.AppStore|iPhone.ActiveCfg = Debug|Any CPU
		{032604C6-8383-4E1A-9983-EFDCE0D76D47}.AppStore|iPhone.Build.0 = Debug|Any CPU
		{032604C6-8383-4E1A-9983-EFDCE0D76D47}.AppStore|iPhoneSimulator.ActiveCfg = Release|Any CPU
		{032604C6-8383-4E1A-9983-EFDCE0D76D47}.AppStore|iPhoneSimulator.Build.0 = Release|Any CPU
		{032604C6-8383-4E1A-9983-EFDCE0D76D47}.AppStore|iPhoneSimulator.Deploy.0 = Release|Any CPU
		{032604C6-8383-4E1A-9983-EFDCE0D76D47}.Debug|Any CPU.ActiveCfg = Debug|Any CPU
		{032604C6-8383-4E1A-9983-EFDCE0D76D47}.Debug|Any CPU.Build.0 = Debug|Any CPU
		{032604C6-8383-4E1A-9983-EFDCE0D76D47}.Debug|iPhone.ActiveCfg = Debug|Any CPU
		{032604C6-8383-4E1A-9983-EFDCE0D76D47}.Debug|iPhone.Build.0 = Debug|Any CPU
		{032604C6-8383-4E1A-9983-EFDCE0D76D47}.Debug|iPhoneSimulator.ActiveCfg = Debug|Any CPU
		{032604C6-8383-4E1A-9983-EFDCE0D76D47}.Debug|iPhoneSimulator.Build.0 = Debug|Any CPU
		{032604C6-8383-4E1A-9983-EFDCE0D76D47}.Release|Any CPU.ActiveCfg = Release|Any CPU
		{032604C6-8383-4E1A-9983-EFDCE0D76D47}.Release|Any CPU.Build.0 = Release|Any CPU
		{032604C6-8383-4E1A-9983-EFDCE0D76D47}.Release|iPhone.ActiveCfg = Release|Any CPU
		{032604C6-8383-4E1A-9983-EFDCE0D76D47}.Release|iPhone.Build.0 = Release|Any CPU
		{032604C6-8383-4E1A-9983-EFDCE0D76D47}.Release|iPhoneSimulator.ActiveCfg = Release|Any CPU
		{032604C6-8383-4E1A-9983-EFDCE0D76D47}.Release|iPhoneSimulator.Build.0 = Release|Any CPU
		{4841C0B5-584E-4089-B07C-B56B9B27702B}.Ad-Hoc|Any CPU.ActiveCfg = Ad-Hoc|iPhoneSimulator
		{4841C0B5-584E-4089-B07C-B56B9B27702B}.Ad-Hoc|iPhone.ActiveCfg = Ad-Hoc|iPhone
		{4841C0B5-584E-4089-B07C-B56B9B27702B}.Ad-Hoc|iPhone.Build.0 = Ad-Hoc|iPhone
		{4841C0B5-584E-4089-B07C-B56B9B27702B}.Ad-Hoc|iPhoneSimulator.ActiveCfg = Ad-Hoc|iPhoneSimulator
		{4841C0B5-584E-4089-B07C-B56B9B27702B}.Ad-Hoc|iPhoneSimulator.Build.0 = Ad-Hoc|iPhoneSimulator
		{4841C0B5-584E-4089-B07C-B56B9B27702B}.AppStore|Any CPU.ActiveCfg = AppStore|iPhoneSimulator
		{4841C0B5-584E-4089-B07C-B56B9B27702B}.AppStore|iPhone.ActiveCfg = AppStore|iPhone
		{4841C0B5-584E-4089-B07C-B56B9B27702B}.AppStore|iPhone.Build.0 = AppStore|iPhone
		{4841C0B5-584E-4089-B07C-B56B9B27702B}.AppStore|iPhoneSimulator.ActiveCfg = AppStore|iPhoneSimulator
		{4841C0B5-584E-4089-B07C-B56B9B27702B}.AppStore|iPhoneSimulator.Build.0 = AppStore|iPhoneSimulator
		{4841C0B5-584E-4089-B07C-B56B9B27702B}.Debug|Any CPU.ActiveCfg = Debug|iPhoneSimulator
		{4841C0B5-584E-4089-B07C-B56B9B27702B}.Debug|Any CPU.Build.0 = Debug|iPhoneSimulator
		{4841C0B5-584E-4089-B07C-B56B9B27702B}.Debug|iPhone.ActiveCfg = Debug|iPhone
		{4841C0B5-584E-4089-B07C-B56B9B27702B}.Debug|iPhone.Build.0 = Debug|iPhone
		{4841C0B5-584E-4089-B07C-B56B9B27702B}.Debug|iPhoneSimulator.ActiveCfg = Debug|iPhoneSimulator
		{4841C0B5-584E-4089-B07C-B56B9B27702B}.Debug|iPhoneSimulator.Build.0 = Debug|iPhoneSimulator
		{4841C0B5-584E-4089-B07C-B56B9B27702B}.Release|Any CPU.ActiveCfg = Release|iPhoneSimulator
		{4841C0B5-584E-4089-B07C-B56B9B27702B}.Release|Any CPU.Build.0 = Release|iPhoneSimulator
		{4841C0B5-584E-4089-B07C-B56B9B27702B}.Release|iPhone.ActiveCfg = Release|iPhone
		{4841C0B5-584E-4089-B07C-B56B9B27702B}.Release|iPhone.Build.0 = Release|iPhone
		{4841C0B5-584E-4089-B07C-B56B9B27702B}.Release|iPhoneSimulator.ActiveCfg = Release|iPhoneSimulator
		{4841C0B5-584E-4089-B07C-B56B9B27702B}.Release|iPhoneSimulator.Build.0 = Release|iPhoneSimulator
		{2F2851E5-B13A-4030-8A9E-845D851A2176}.Ad-Hoc|Any CPU.ActiveCfg = Debug|Any CPU
		{2F2851E5-B13A-4030-8A9E-845D851A2176}.Ad-Hoc|Any CPU.Build.0 = Debug|Any CPU
		{2F2851E5-B13A-4030-8A9E-845D851A2176}.Ad-Hoc|iPhone.ActiveCfg = Debug|Any CPU
		{2F2851E5-B13A-4030-8A9E-845D851A2176}.Ad-Hoc|iPhone.Build.0 = Debug|Any CPU
		{2F2851E5-B13A-4030-8A9E-845D851A2176}.Ad-Hoc|iPhoneSimulator.ActiveCfg = Debug|Any CPU
		{2F2851E5-B13A-4030-8A9E-845D851A2176}.Ad-Hoc|iPhoneSimulator.Build.0 = Debug|Any CPU
		{2F2851E5-B13A-4030-8A9E-845D851A2176}.AppStore|Any CPU.ActiveCfg = Debug|Any CPU
		{2F2851E5-B13A-4030-8A9E-845D851A2176}.AppStore|Any CPU.Build.0 = Debug|Any CPU
		{2F2851E5-B13A-4030-8A9E-845D851A2176}.AppStore|iPhone.ActiveCfg = Debug|Any CPU
		{2F2851E5-B13A-4030-8A9E-845D851A2176}.AppStore|iPhone.Build.0 = Debug|Any CPU
		{2F2851E5-B13A-4030-8A9E-845D851A2176}.AppStore|iPhoneSimulator.ActiveCfg = Debug|Any CPU
		{2F2851E5-B13A-4030-8A9E-845D851A2176}.AppStore|iPhoneSimulator.Build.0 = Debug|Any CPU
		{2F2851E5-B13A-4030-8A9E-845D851A2176}.Debug|Any CPU.ActiveCfg = Debug|Any CPU
		{2F2851E5-B13A-4030-8A9E-845D851A2176}.Debug|Any CPU.Build.0 = Debug|Any CPU
		{2F2851E5-B13A-4030-8A9E-845D851A2176}.Debug|iPhone.ActiveCfg = Debug|Any CPU
		{2F2851E5-B13A-4030-8A9E-845D851A2176}.Debug|iPhone.Build.0 = Debug|Any CPU
		{2F2851E5-B13A-4030-8A9E-845D851A2176}.Debug|iPhoneSimulator.ActiveCfg = Debug|Any CPU
		{2F2851E5-B13A-4030-8A9E-845D851A2176}.Debug|iPhoneSimulator.Build.0 = Debug|Any CPU
		{2F2851E5-B13A-4030-8A9E-845D851A2176}.Release|Any CPU.ActiveCfg = Release|Any CPU
		{2F2851E5-B13A-4030-8A9E-845D851A2176}.Release|Any CPU.Build.0 = Release|Any CPU
		{2F2851E5-B13A-4030-8A9E-845D851A2176}.Release|iPhone.ActiveCfg = Release|Any CPU
		{2F2851E5-B13A-4030-8A9E-845D851A2176}.Release|iPhone.Build.0 = Release|Any CPU
		{2F2851E5-B13A-4030-8A9E-845D851A2176}.Release|iPhoneSimulator.ActiveCfg = Release|Any CPU
		{2F2851E5-B13A-4030-8A9E-845D851A2176}.Release|iPhoneSimulator.Build.0 = Release|Any CPU
		{13B28C43-B7DE-4C34-9D4F-B3894313C9ED}.Ad-Hoc|Any CPU.ActiveCfg = Debug|Any CPU
		{13B28C43-B7DE-4C34-9D4F-B3894313C9ED}.Ad-Hoc|Any CPU.Build.0 = Debug|Any CPU
		{13B28C43-B7DE-4C34-9D4F-B3894313C9ED}.Ad-Hoc|iPhone.ActiveCfg = Debug|Any CPU
		{13B28C43-B7DE-4C34-9D4F-B3894313C9ED}.Ad-Hoc|iPhone.Build.0 = Debug|Any CPU
		{13B28C43-B7DE-4C34-9D4F-B3894313C9ED}.Ad-Hoc|iPhoneSimulator.ActiveCfg = Debug|Any CPU
		{13B28C43-B7DE-4C34-9D4F-B3894313C9ED}.Ad-Hoc|iPhoneSimulator.Build.0 = Debug|Any CPU
		{13B28C43-B7DE-4C34-9D4F-B3894313C9ED}.AppStore|Any CPU.ActiveCfg = Debug|Any CPU
		{13B28C43-B7DE-4C34-9D4F-B3894313C9ED}.AppStore|Any CPU.Build.0 = Debug|Any CPU
		{13B28C43-B7DE-4C34-9D4F-B3894313C9ED}.AppStore|iPhone.ActiveCfg = Debug|Any CPU
		{13B28C43-B7DE-4C34-9D4F-B3894313C9ED}.AppStore|iPhone.Build.0 = Debug|Any CPU
		{13B28C43-B7DE-4C34-9D4F-B3894313C9ED}.AppStore|iPhoneSimulator.ActiveCfg = Debug|Any CPU
		{13B28C43-B7DE-4C34-9D4F-B3894313C9ED}.AppStore|iPhoneSimulator.Build.0 = Debug|Any CPU
		{13B28C43-B7DE-4C34-9D4F-B3894313C9ED}.Debug|Any CPU.ActiveCfg = Debug|Any CPU
		{13B28C43-B7DE-4C34-9D4F-B3894313C9ED}.Debug|Any CPU.Build.0 = Debug|Any CPU
		{13B28C43-B7DE-4C34-9D4F-B3894313C9ED}.Debug|iPhone.ActiveCfg = Debug|Any CPU
		{13B28C43-B7DE-4C34-9D4F-B3894313C9ED}.Debug|iPhone.Build.0 = Debug|Any CPU
		{13B28C43-B7DE-4C34-9D4F-B3894313C9ED}.Debug|iPhoneSimulator.ActiveCfg = Debug|Any CPU
		{13B28C43-B7DE-4C34-9D4F-B3894313C9ED}.Debug|iPhoneSimulator.Build.0 = Debug|Any CPU
		{13B28C43-B7DE-4C34-9D4F-B3894313C9ED}.Release|Any CPU.ActiveCfg = Release|Any CPU
		{13B28C43-B7DE-4C34-9D4F-B3894313C9ED}.Release|Any CPU.Build.0 = Release|Any CPU
		{13B28C43-B7DE-4C34-9D4F-B3894313C9ED}.Release|iPhone.ActiveCfg = Release|Any CPU
		{13B28C43-B7DE-4C34-9D4F-B3894313C9ED}.Release|iPhone.Build.0 = Release|Any CPU
		{13B28C43-B7DE-4C34-9D4F-B3894313C9ED}.Release|iPhoneSimulator.ActiveCfg = Release|Any CPU
		{13B28C43-B7DE-4C34-9D4F-B3894313C9ED}.Release|iPhoneSimulator.Build.0 = Release|Any CPU
		{4E5F5325-E0B5-49C3-ABDF-EA1DA1D22631}.Ad-Hoc|Any CPU.ActiveCfg = Debug|Any CPU
		{4E5F5325-E0B5-49C3-ABDF-EA1DA1D22631}.Ad-Hoc|Any CPU.Build.0 = Debug|Any CPU
		{4E5F5325-E0B5-49C3-ABDF-EA1DA1D22631}.Ad-Hoc|iPhone.ActiveCfg = Debug|Any CPU
		{4E5F5325-E0B5-49C3-ABDF-EA1DA1D22631}.Ad-Hoc|iPhone.Build.0 = Debug|Any CPU
		{4E5F5325-E0B5-49C3-ABDF-EA1DA1D22631}.Ad-Hoc|iPhoneSimulator.ActiveCfg = Debug|Any CPU
		{4E5F5325-E0B5-49C3-ABDF-EA1DA1D22631}.Ad-Hoc|iPhoneSimulator.Build.0 = Debug|Any CPU
		{4E5F5325-E0B5-49C3-ABDF-EA1DA1D22631}.AppStore|Any CPU.ActiveCfg = Debug|Any CPU
		{4E5F5325-E0B5-49C3-ABDF-EA1DA1D22631}.AppStore|Any CPU.Build.0 = Debug|Any CPU
		{4E5F5325-E0B5-49C3-ABDF-EA1DA1D22631}.AppStore|iPhone.ActiveCfg = Debug|Any CPU
		{4E5F5325-E0B5-49C3-ABDF-EA1DA1D22631}.AppStore|iPhone.Build.0 = Debug|Any CPU
		{4E5F5325-E0B5-49C3-ABDF-EA1DA1D22631}.AppStore|iPhoneSimulator.ActiveCfg = Debug|Any CPU
		{4E5F5325-E0B5-49C3-ABDF-EA1DA1D22631}.AppStore|iPhoneSimulator.Build.0 = Debug|Any CPU
		{4E5F5325-E0B5-49C3-ABDF-EA1DA1D22631}.Debug|Any CPU.ActiveCfg = Debug|Any CPU
		{4E5F5325-E0B5-49C3-ABDF-EA1DA1D22631}.Debug|Any CPU.Build.0 = Debug|Any CPU
		{4E5F5325-E0B5-49C3-ABDF-EA1DA1D22631}.Debug|iPhone.ActiveCfg = Debug|Any CPU
		{4E5F5325-E0B5-49C3-ABDF-EA1DA1D22631}.Debug|iPhone.Build.0 = Debug|Any CPU
		{4E5F5325-E0B5-49C3-ABDF-EA1DA1D22631}.Debug|iPhoneSimulator.ActiveCfg = Debug|Any CPU
		{4E5F5325-E0B5-49C3-ABDF-EA1DA1D22631}.Debug|iPhoneSimulator.Build.0 = Debug|Any CPU
		{4E5F5325-E0B5-49C3-ABDF-EA1DA1D22631}.Release|Any CPU.ActiveCfg = Release|Any CPU
		{4E5F5325-E0B5-49C3-ABDF-EA1DA1D22631}.Release|Any CPU.Build.0 = Release|Any CPU
		{4E5F5325-E0B5-49C3-ABDF-EA1DA1D22631}.Release|iPhone.ActiveCfg = Release|Any CPU
		{4E5F5325-E0B5-49C3-ABDF-EA1DA1D22631}.Release|iPhone.Build.0 = Release|Any CPU
		{4E5F5325-E0B5-49C3-ABDF-EA1DA1D22631}.Release|iPhoneSimulator.ActiveCfg = Release|Any CPU
		{4E5F5325-E0B5-49C3-ABDF-EA1DA1D22631}.Release|iPhoneSimulator.Build.0 = Release|Any CPU
		{304B59E0-F92D-40A8-B084-0FCFFAA03DE2}.Ad-Hoc|Any CPU.ActiveCfg = Debug|Any CPU
		{304B59E0-F92D-40A8-B084-0FCFFAA03DE2}.Ad-Hoc|Any CPU.Build.0 = Debug|Any CPU
		{304B59E0-F92D-40A8-B084-0FCFFAA03DE2}.Ad-Hoc|iPhone.ActiveCfg = Debug|Any CPU
		{304B59E0-F92D-40A8-B084-0FCFFAA03DE2}.Ad-Hoc|iPhone.Build.0 = Debug|Any CPU
		{304B59E0-F92D-40A8-B084-0FCFFAA03DE2}.Ad-Hoc|iPhoneSimulator.ActiveCfg = Debug|Any CPU
		{304B59E0-F92D-40A8-B084-0FCFFAA03DE2}.Ad-Hoc|iPhoneSimulator.Build.0 = Debug|Any CPU
		{304B59E0-F92D-40A8-B084-0FCFFAA03DE2}.AppStore|Any CPU.ActiveCfg = Debug|Any CPU
		{304B59E0-F92D-40A8-B084-0FCFFAA03DE2}.AppStore|Any CPU.Build.0 = Debug|Any CPU
		{304B59E0-F92D-40A8-B084-0FCFFAA03DE2}.AppStore|iPhone.ActiveCfg = Debug|Any CPU
		{304B59E0-F92D-40A8-B084-0FCFFAA03DE2}.AppStore|iPhone.Build.0 = Debug|Any CPU
		{304B59E0-F92D-40A8-B084-0FCFFAA03DE2}.AppStore|iPhoneSimulator.ActiveCfg = Debug|Any CPU
		{304B59E0-F92D-40A8-B084-0FCFFAA03DE2}.AppStore|iPhoneSimulator.Build.0 = Debug|Any CPU
		{304B59E0-F92D-40A8-B084-0FCFFAA03DE2}.Debug|Any CPU.ActiveCfg = Debug|Any CPU
		{304B59E0-F92D-40A8-B084-0FCFFAA03DE2}.Debug|Any CPU.Build.0 = Debug|Any CPU
		{304B59E0-F92D-40A8-B084-0FCFFAA03DE2}.Debug|iPhone.ActiveCfg = Debug|Any CPU
		{304B59E0-F92D-40A8-B084-0FCFFAA03DE2}.Debug|iPhone.Build.0 = Debug|Any CPU
		{304B59E0-F92D-40A8-B084-0FCFFAA03DE2}.Debug|iPhoneSimulator.ActiveCfg = Debug|Any CPU
		{304B59E0-F92D-40A8-B084-0FCFFAA03DE2}.Debug|iPhoneSimulator.Build.0 = Debug|Any CPU
		{304B59E0-F92D-40A8-B084-0FCFFAA03DE2}.Release|Any CPU.ActiveCfg = Release|Any CPU
		{304B59E0-F92D-40A8-B084-0FCFFAA03DE2}.Release|Any CPU.Build.0 = Release|Any CPU
		{304B59E0-F92D-40A8-B084-0FCFFAA03DE2}.Release|iPhone.ActiveCfg = Release|Any CPU
		{304B59E0-F92D-40A8-B084-0FCFFAA03DE2}.Release|iPhone.Build.0 = Release|Any CPU
		{304B59E0-F92D-40A8-B084-0FCFFAA03DE2}.Release|iPhoneSimulator.ActiveCfg = Release|Any CPU
		{304B59E0-F92D-40A8-B084-0FCFFAA03DE2}.Release|iPhoneSimulator.Build.0 = Release|Any CPU
		{854CCCEF-72E5-439E-91D4-270C67B51C75}.Ad-Hoc|Any CPU.ActiveCfg = Ad-Hoc|iPhone
		{854CCCEF-72E5-439E-91D4-270C67B51C75}.Ad-Hoc|Any CPU.Build.0 = Ad-Hoc|iPhone
		{854CCCEF-72E5-439E-91D4-270C67B51C75}.Ad-Hoc|iPhone.ActiveCfg = Ad-Hoc|iPhone
		{854CCCEF-72E5-439E-91D4-270C67B51C75}.Ad-Hoc|iPhone.Build.0 = Ad-Hoc|iPhone
		{854CCCEF-72E5-439E-91D4-270C67B51C75}.Ad-Hoc|iPhoneSimulator.ActiveCfg = Ad-Hoc|iPhone
		{854CCCEF-72E5-439E-91D4-270C67B51C75}.Ad-Hoc|iPhoneSimulator.Build.0 = Ad-Hoc|iPhone
		{854CCCEF-72E5-439E-91D4-270C67B51C75}.AppStore|Any CPU.ActiveCfg = AppStore|iPhone
		{854CCCEF-72E5-439E-91D4-270C67B51C75}.AppStore|Any CPU.Build.0 = AppStore|iPhone
		{854CCCEF-72E5-439E-91D4-270C67B51C75}.AppStore|iPhone.ActiveCfg = AppStore|iPhone
		{854CCCEF-72E5-439E-91D4-270C67B51C75}.AppStore|iPhone.Build.0 = AppStore|iPhone
		{854CCCEF-72E5-439E-91D4-270C67B51C75}.AppStore|iPhoneSimulator.ActiveCfg = AppStore|iPhone
		{854CCCEF-72E5-439E-91D4-270C67B51C75}.AppStore|iPhoneSimulator.Build.0 = AppStore|iPhone
		{854CCCEF-72E5-439E-91D4-270C67B51C75}.Debug|Any CPU.ActiveCfg = Debug|iPhoneSimulator
		{854CCCEF-72E5-439E-91D4-270C67B51C75}.Debug|Any CPU.Build.0 = Debug|iPhoneSimulator
		{854CCCEF-72E5-439E-91D4-270C67B51C75}.Debug|iPhone.ActiveCfg = Debug|iPhone
		{854CCCEF-72E5-439E-91D4-270C67B51C75}.Debug|iPhone.Build.0 = Debug|iPhone
		{854CCCEF-72E5-439E-91D4-270C67B51C75}.Debug|iPhoneSimulator.ActiveCfg = Debug|iPhoneSimulator
		{854CCCEF-72E5-439E-91D4-270C67B51C75}.Debug|iPhoneSimulator.Build.0 = Debug|iPhoneSimulator
		{854CCCEF-72E5-439E-91D4-270C67B51C75}.Release|Any CPU.ActiveCfg = Release|iPhoneSimulator
		{854CCCEF-72E5-439E-91D4-270C67B51C75}.Release|Any CPU.Build.0 = Release|iPhoneSimulator
		{854CCCEF-72E5-439E-91D4-270C67B51C75}.Release|iPhone.ActiveCfg = Release|iPhone
		{854CCCEF-72E5-439E-91D4-270C67B51C75}.Release|iPhone.Build.0 = Release|iPhone
		{854CCCEF-72E5-439E-91D4-270C67B51C75}.Release|iPhoneSimulator.ActiveCfg = Release|iPhoneSimulator
		{854CCCEF-72E5-439E-91D4-270C67B51C75}.Release|iPhoneSimulator.Build.0 = Release|iPhoneSimulator
	EndGlobalSection
	GlobalSection(SolutionProperties) = preSolution
		HideSolutionNode = FALSE
	EndGlobalSection
	GlobalSection(ExtensibilityGlobals) = postSolution
		SolutionGuid = {F9AF0D0E-F188-4628-BBBD-DEC3D205DFB8}
	EndGlobalSection
	GlobalSection(NestedProjects) = preSolution
		{2F2851E5-B13A-4030-8A9E-845D851A2176} = {F4298FDD-69F7-49B7-8D6A-B3E10D29670C}
		{13B28C43-B7DE-4C34-9D4F-B3894313C9ED} = {F4298FDD-69F7-49B7-8D6A-B3E10D29670C}
	EndGlobalSection
EndGlobal
