
Microsoft Visual Studio Solution File, Format Version 12.00
Project("{FAE04EC0-301F-11D3-BF4B-00C04F79EFBC}") = "GridControlLogoExporter", "GridControlLogoExporter\GridControlLogoExporter.csproj", "{BCE86F8E-946E-4AD7-B807-E23BB2246EC8}"
EndProject
Global
	GlobalSection(SolutionConfigurationPlatforms) = preSolution
		Debug|Any CPU = Debug|Any CPU
		Release|Any CPU = Release|Any CPU
	EndGlobalSection
	GlobalSection(ProjectConfigurationPlatforms) = postSolution
		{BCE86F8E-946E-4AD7-B807-E23BB2246EC8}.Debug|Any CPU.ActiveCfg = Debug|Any CPU
		{BCE86F8E-946E-4AD7-B807-E23BB2246EC8}.Debug|Any CPU.Build.0 = Debug|Any CPU
		{BCE86F8E-946E-4AD7-B807-E23BB2246EC8}.Release|Any CPU.ActiveCfg = Release|Any CPU
		{BCE86F8E-946E-4AD7-B807-E23BB2246EC8}.Release|Any CPU.Build.0 = Release|Any CPU
	EndGlobalSection
EndGlobal
