
Microsoft Visual Studio Solution File, Format Version 12.00
# Visual Studio 15
VisualStudioVersion = 15.0.27004.2006
MinimumVisualStudioVersion = 10.0.40219.1
Project("{FAE04EC0-301F-11D3-BF4B-00C04F79EFBC}") = "Shell", "Shell\Shell.csproj", "{A21C5332-3694-4B67-9B1B-B631BA53CBB7}"
EndProject
Project("{FAE04EC0-301F-11D3-BF4B-00C04F79EFBC}") = "Gui", "Gui\Gui.csproj", "{BF7567D3-39B7-42A3-A600-19FF80967287}"
EndProject
Global
	GlobalSection(SolutionConfigurationPlatforms) = preSolution
		Debug|Any CPU = Debug|Any CPU
		Release|Any CPU = Release|Any CPU
	EndGlobalSection
	GlobalSection(ProjectConfigurationPlatforms) = postSolution
		{A21C5332-3694-4B67-9B1B-B631BA53CBB7}.Debug|Any CPU.ActiveCfg = Debug|Any CPU
		{A21C5332-3694-4B67-9B1B-B631BA53CBB7}.Debug|Any CPU.Build.0 = Debug|Any CPU
		{A21C5332-3694-4B67-9B1B-B631BA53CBB7}.Release|Any CPU.ActiveCfg = Release|Any CPU
		{A21C5332-3694-4B67-9B1B-B631BA53CBB7}.Release|Any CPU.Build.0 = Release|Any CPU
		{BF7567D3-39B7-42A3-A600-19FF80967287}.Debug|Any CPU.ActiveCfg = Debug|Any CPU
		{BF7567D3-39B7-42A3-A600-19FF80967287}.Debug|Any CPU.Build.0 = Debug|Any CPU
		{BF7567D3-39B7-42A3-A600-19FF80967287}.Release|Any CPU.ActiveCfg = Release|Any CPU
		{BF7567D3-39B7-42A3-A600-19FF80967287}.Release|Any CPU.Build.0 = Release|Any CPU
	EndGlobalSection
	GlobalSection(SolutionProperties) = preSolution
		HideSolutionNode = FALSE
	EndGlobalSection
	GlobalSection(ExtensibilityGlobals) = postSolution
		SolutionGuid = {3A606E22-8315-4F6F-A1FB-41A848F683C3}
	EndGlobalSection
EndGlobal
