
Microsoft Visual Studio Solution File, Format Version 12.00
# Visual Studio 15
VisualStudioVersion = 15.0.28010.2016
MinimumVisualStudioVersion = 10.0.40219.1
Project("{FAE04EC0-301F-11D3-BF4B-00C04F79EFBC}") = "Shell", "Shell\Shell.csproj", "{005D3A7C-EF8C-4C3C-B002-388649B877F8}"
EndProject
Project("{FAE04EC0-301F-11D3-BF4B-00C04F79EFBC}") = "Gui", "Gui\Gui.csproj", "{9301BDB2-2004-4D71-ABAC-B9A94D39BD1B}"
EndProject
Project("{FAE04EC0-301F-11D3-BF4B-00C04F79EFBC}") = "Entities", "Entities\Entities.csproj", "{CA8EE1AF-CDA1-408D-B976-7BF875CCE455}"
EndProject
Global
	GlobalSection(SolutionConfigurationPlatforms) = preSolution
		Debug|Any CPU = Debug|Any CPU
		Release|Any CPU = Release|Any CPU
	EndGlobalSection
	GlobalSection(ProjectConfigurationPlatforms) = postSolution
		{005D3A7C-EF8C-4C3C-B002-388649B877F8}.Debug|Any CPU.ActiveCfg = Debug|Any CPU
		{005D3A7C-EF8C-4C3C-B002-388649B877F8}.Debug|Any CPU.Build.0 = Debug|Any CPU
		{005D3A7C-EF8C-4C3C-B002-388649B877F8}.Release|Any CPU.ActiveCfg = Release|Any CPU
		{005D3A7C-EF8C-4C3C-B002-388649B877F8}.Release|Any CPU.Build.0 = Release|Any CPU
		{9301BDB2-2004-4D71-ABAC-B9A94D39BD1B}.Debug|Any CPU.ActiveCfg = Debug|Any CPU
		{9301BDB2-2004-4D71-ABAC-B9A94D39BD1B}.Debug|Any CPU.Build.0 = Debug|Any CPU
		{9301BDB2-2004-4D71-ABAC-B9A94D39BD1B}.Release|Any CPU.ActiveCfg = Release|Any CPU
		{9301BDB2-2004-4D71-ABAC-B9A94D39BD1B}.Release|Any CPU.Build.0 = Release|Any CPU
		{CA8EE1AF-CDA1-408D-B976-7BF875CCE455}.Debug|Any CPU.ActiveCfg = Debug|Any CPU
		{CA8EE1AF-CDA1-408D-B976-7BF875CCE455}.Debug|Any CPU.Build.0 = Debug|Any CPU
		{CA8EE1AF-CDA1-408D-B976-7BF875CCE455}.Release|Any CPU.ActiveCfg = Release|Any CPU
		{CA8EE1AF-CDA1-408D-B976-7BF875CCE455}.Release|Any CPU.Build.0 = Release|Any CPU
	EndGlobalSection
	GlobalSection(SolutionProperties) = preSolution
		HideSolutionNode = FALSE
	EndGlobalSection
	GlobalSection(ExtensibilityGlobals) = postSolution
		SolutionGuid = {1151A58B-63F3-4CC8-8905-87CDB46DBA25}
	EndGlobalSection
EndGlobal
